// !$*UTF8*$!
{
	archiveVersion = 1;
	classes = {
	};
	objectVersion = 56;
	objects = {

/* Begin PBXBuildFile section */
		A3B897782C91478100E35443 /* AppDelegate.m in Sources */ = {isa = PBXBuildFile; fileRef = A3B897772C91478100E35443 /* AppDelegate.m */; };
		A3B8977B2C91478100E35443 /* SceneDelegate.m in Sources */ = {isa = PBXBuildFile; fileRef = A3B8977A2C91478100E35443 /* SceneDelegate.m */; };
		A3B8977E2C91478100E35443 /* ViewController.m in Sources */ = {isa = PBXBuildFile; fileRef = A3B8977D2C91478100E35443 /* ViewController.m */; };
		A3B897812C91478100E35443 /* Base in Resources */ = {isa = PBXBuildFile; fileRef = A3B897802C91478100E35443 /* Base */; };
		A3B897832C91478300E35443 /* Assets.xcassets in Resources */ = {isa = PBXBuildFile; fileRef = A3B897822C91478300E35443 /* Assets.xcassets */; };
		A3B897862C91478300E35443 /* Base in Resources */ = {isa = PBXBuildFile; fileRef = A3B897852C91478300E35443 /* Base */; };
		A3B897892C91478300E35443 /* main.m in Sources */ = {isa = PBXBuildFile; fileRef = A3B897882C91478300E35443 /* main.m */; };
		A3B897932C91478300E35443 /* _____Tests.m in Sources */ = {isa = PBXBuildFile; fileRef = A3B897922C91478300E35443 /* _____Tests.m */; };
		A3B8979D2C91478300E35443 /* _____UITests.m in Sources */ = {isa = PBXBuildFile; fileRef = A3B8979C2C91478300E35443 /* _____UITests.m */; };
		A3B8979F2C91478300E35443 /* _____UITestsLaunchTests.m in Sources */ = {isa = PBXBuildFile; fileRef = A3B8979E2C91478300E35443 /* _____UITestsLaunchTests.m */; };
/* End PBXBuildFile section */

/* Begin PBXContainerItemProxy section */
		A3B8978F2C91478300E35443 /* PBXContainerItemProxy */ = {
			isa = PBXContainerItemProxy;
			containerPortal = A3B8976B2C91478100E35443 /* Project object */;
			proxyType = 1;
			remoteGlobalIDString = A3B897722C91478100E35443;
			remoteInfo = "线程间通信";
		};
		A3B897992C91478300E35443 /* PBXContainerItemProxy */ = {
			isa = PBXContainerItemProxy;
			containerPortal = A3B8976B2C91478100E35443 /* Project object */;
			proxyType = 1;
			remoteGlobalIDString = A3B897722C91478100E35443;
			remoteInfo = "线程间通信";
		};
/* End PBXContainerItemProxy section */

/* Begin PBXFileReference section */
		A3B897732C91478100E35443 /* 线程间通信.app */ = {isa = PBXFileReference; explicitFileType = wrapper.application; includeInIndex = 0; path = "线程间通信.app"; sourceTree = BUILT_PRODUCTS_DIR; };
		A3B897762C91478100E35443 /* AppDelegate.h */ = {isa = PBXFileReference; lastKnownFileType = sourcecode.c.h; path = AppDelegate.h; sourceTree = "<group>"; };
		A3B897772C91478100E35443 /* AppDelegate.m */ = {isa = PBXFileReference; lastKnownFileType = sourcecode.c.objc; path = AppDelegate.m; sourceTree = "<group>"; };
		A3B897792C91478100E35443 /* SceneDelegate.h */ = {isa = PBXFileReference; lastKnownFileType = sourcecode.c.h; path = SceneDelegate.h; sourceTree = "<group>"; };
		A3B8977A2C91478100E35443 /* SceneDelegate.m */ = {isa = PBXFileReference; lastKnownFileType = sourcecode.c.objc; path = SceneDelegate.m; sourceTree = "<group>"; };
		A3B8977C2C91478100E35443 /* ViewController.h */ = {isa = PBXFileReference; lastKnownFileType = sourcecode.c.h; path = ViewController.h; sourceTree = "<group>"; };
		A3B8977D2C91478100E35443 /* ViewController.m */ = {isa = PBXFileReference; lastKnownFileType = sourcecode.c.objc; path = ViewController.m; sourceTree = "<group>"; };
		A3B897802C91478100E35443 /* Base */ = {isa = PBXFileReference; lastKnownFileType = file.storyboard; name = Base; path = Base.lproj/Main.storyboard; sourceTree = "<group>"; };
		A3B897822C91478300E35443 /* Assets.xcassets */ = {isa = PBXFileReference; lastKnownFileType = folder.assetcatalog; path = Assets.xcassets; sourceTree = "<group>"; };
		A3B897852C91478300E35443 /* Base */ = {isa = PBXFileReference; lastKnownFileType = file.storyboard; name = Base; path = Base.lproj/LaunchScreen.storyboard; sourceTree = "<group>"; };
		A3B897872C91478300E35443 /* Info.plist */ = {isa = PBXFileReference; lastKnownFileType = text.plist.xml; path = Info.plist; sourceTree = "<group>"; };
		A3B897882C91478300E35443 /* main.m */ = {isa = PBXFileReference; lastKnownFileType = sourcecode.c.objc; path = main.m; sourceTree = "<group>"; };
		A3B8978E2C91478300E35443 /* 线程间通信Tests.xctest */ = {isa = PBXFileReference; explicitFileType = wrapper.cfbundle; includeInIndex = 0; path = "线程间通信Tests.xctest"; sourceTree = BUILT_PRODUCTS_DIR; };
		A3B897922C91478300E35443 /* _____Tests.m */ = {isa = PBXFileReference; lastKnownFileType = sourcecode.c.objc; path = "_____Tests.m"; sourceTree = "<group>"; };
		A3B897982C91478300E35443 /* 线程间通信UITests.xctest */ = {isa = PBXFileReference; explicitFileType = wrapper.cfbundle; includeInIndex = 0; path = "线程间通信UITests.xctest"; sourceTree = BUILT_PRODUCTS_DIR; };
		A3B8979C2C91478300E35443 /* _____UITests.m */ = {isa = PBXFileReference; lastKnownFileType = sourcecode.c.objc; path = "_____UITests.m"; sourceTree = "<group>"; };
		A3B8979E2C91478300E35443 /* _____UITestsLaunchTests.m */ = {isa = PBXFileReference; lastKnownFileType = sourcecode.c.objc; path = "_____UITestsLaunchTests.m"; sourceTree = "<group>"; };
/* End PBXFileReference section */

/* Begin PBXFrameworksBuildPhase section */
		A3B897702C91478100E35443 /* Frameworks */ = {
			isa = PBXFrameworksBuildPhase;
			buildActionMask = 2147483647;
			files = (
			);
			runOnlyForDeploymentPostprocessing = 0;
		};
		A3B8978B2C91478300E35443 /* Frameworks */ = {
			isa = PBXFrameworksBuildPhase;
			buildActionMask = 2147483647;
			files = (
			);
			runOnlyForDeploymentPostprocessing = 0;
		};
		A3B897952C91478300E35443 /* Frameworks */ = {
			isa = PBXFrameworksBuildPhase;
			buildActionMask = 2147483647;
			files = (
			);
			runOnlyForDeploymentPostprocessing = 0;
		};
/* End PBXFrameworksBuildPhase section */

/* Begin PBXGroup section */
		A3B8976A2C91478100E35443 = {
			isa = PBXGroup;
			children = (
				A3B897752C91478100E35443 /* 线程间通信 */,
				A3B897912C91478300E35443 /* 线程间通信Tests */,
				A3B8979B2C91478300E35443 /* 线程间通信UITests */,
				A3B897742C91478100E35443 /* Products */,
			);
			sourceTree = "<group>";
		};
		A3B897742C91478100E35443 /* Products */ = {
			isa = PBXGroup;
			children = (
				A3B897732C91478100E35443 /* 线程间通信.app */,
				A3B8978E2C91478300E35443 /* 线程间通信Tests.xctest */,
				A3B897982C91478300E35443 /* 线程间通信UITests.xctest */,
			);
			name = Products;
			sourceTree = "<group>";
		};
		A3B897752C91478100E35443 /* 线程间通信 */ = {
			isa = PBXGroup;
			children = (
				A3B897762C91478100E35443 /* AppDelegate.h */,
				A3B897772C91478100E35443 /* AppDelegate.m */,
				A3B897792C91478100E35443 /* SceneDelegate.h */,
				A3B8977A2C91478100E35443 /* SceneDelegate.m */,
				A3B8977C2C91478100E35443 /* ViewController.h */,
				A3B8977D2C91478100E35443 /* ViewController.m */,
				A3B8977F2C91478100E35443 /* Main.storyboard */,
				A3B897822C91478300E35443 /* Assets.xcassets */,
				A3B897842C91478300E35443 /* LaunchScreen.storyboard */,
				A3B897872C91478300E35443 /* Info.plist */,
				A3B897882C91478300E35443 /* main.m */,
			);
			path = "线程间通信";
			sourceTree = "<group>";
		};
		A3B897912C91478300E35443 /* 线程间通信Tests */ = {
			isa = PBXGroup;
			children = (
				A3B897922C91478300E35443 /* _____Tests.m */,
			);
			path = "线程间通信Tests";
			sourceTree = "<group>";
		};
		A3B8979B2C91478300E35443 /* 线程间通信UITests */ = {
			isa = PBXGroup;
			children = (
				A3B8979C2C91478300E35443 /* _____UITests.m */,
				A3B8979E2C91478300E35443 /* _____UITestsLaunchTests.m */,
			);
			path = "线程间通信UITests";
			sourceTree = "<group>";
		};
/* End PBXGroup section */

/* Begin PBXNativeTarget section */
		A3B897722C91478100E35443 /* 线程间通信 */ = {
			isa = PBXNativeTarget;
			buildConfigurationList = A3B897A22C91478300E35443 /* Build configuration list for PBXNativeTarget "线程间通信" */;
			buildPhases = (
				A3B8976F2C91478100E35443 /* Sources */,
				A3B897702C91478100E35443 /* Frameworks */,
				A3B897712C91478100E35443 /* Resources */,
			);
			buildRules = (
			);
			dependencies = (
			);
			name = "线程间通信";
			productName = "线程间通信";
			productReference = A3B897732C91478100E35443 /* 线程间通信.app */;
			productType = "com.apple.product-type.application";
		};
		A3B8978D2C91478300E35443 /* 线程间通信Tests */ = {
			isa = PBXNativeTarget;
			buildConfigurationList = A3B897A52C91478300E35443 /* Build configuration list for PBXNativeTarget "线程间通信Tests" */;
			buildPhases = (
				A3B8978A2C91478300E35443 /* Sources */,
				A3B8978B2C91478300E35443 /* Frameworks */,
				A3B8978C2C91478300E35443 /* Resources */,
			);
			buildRules = (
			);
			dependencies = (
				A3B897902C91478300E35443 /* PBXTargetDependency */,
			);
			name = "线程间通信Tests";
			productName = "线程间通信Tests";
			productReference = A3B8978E2C91478300E35443 /* 线程间通信Tests.xctest */;
			productType = "com.apple.product-type.bundle.unit-test";
		};
		A3B897972C91478300E35443 /* 线程间通信UITests */ = {
			isa = PBXNativeTarget;
			buildConfigurationList = A3B897A82C91478300E35443 /* Build configuration list for PBXNativeTarget "线程间通信UITests" */;
			buildPhases = (
				A3B897942C91478300E35443 /* Sources */,
				A3B897952C91478300E35443 /* Frameworks */,
				A3B897962C91478300E35443 /* Resources */,
			);
			buildRules = (
			);
			dependencies = (
				A3B8979A2C91478300E35443 /* PBXTargetDependency */,
			);
			name = "线程间通信UITests";
			productName = "线程间通信UITests";
			productReference = A3B897982C91478300E35443 /* 线程间通信UITests.xctest */;
			productType = "com.apple.product-type.bundle.ui-testing";
		};
/* End PBXNativeTarget section */

/* Begin PBXProject section */
		A3B8976B2C91478100E35443 /* Project object */ = {
			isa = PBXProject;
			attributes = {
				BuildIndependentTargetsInParallel = 1;
				LastUpgradeCheck = 1540;
				TargetAttributes = {
					A3B897722C91478100E35443 = {
						CreatedOnToolsVersion = 15.4;
					};
					A3B8978D2C91478300E35443 = {
						CreatedOnToolsVersion = 15.4;
						TestTargetID = A3B897722C91478100E35443;
					};
					A3B897972C91478300E35443 = {
						CreatedOnToolsVersion = 15.4;
						TestTargetID = A3B897722C91478100E35443;
					};
				};
			};
			buildConfigurationList = A3B8976E2C91478100E35443 /* Build configuration list for PBXProject "线程间通信" */;
			compatibilityVersion = "Xcode 14.0";
			developmentRegion = en;
			hasScannedForEncodings = 0;
			knownRegions = (
				en,
				Base,
			);
			mainGroup = A3B8976A2C91478100E35443;
			productRefGroup = A3B897742C91478100E35443 /* Products */;
			projectDirPath = "";
			projectRoot = "";
			targets = (
				A3B897722C91478100E35443 /* 线程间通信 */,
				A3B8978D2C91478300E35443 /* 线程间通信Tests */,
				A3B897972C91478300E35443 /* 线程间通信UITests */,
			);
		};
/* End PBXProject section */

/* Begin PBXResourcesBuildPhase section */
		A3B897712C91478100E35443 /* Resources */ = {
			isa = PBXResourcesBuildPhase;
			buildActionMask = 2147483647;
			files = (
				A3B897832C91478300E35443 /* Assets.xcassets in Resources */,
				A3B897862C91478300E35443 /* Base in Resources */,
				A3B897812C91478100E35443 /* Base in Resources */,
			);
			runOnlyForDeploymentPostprocessing = 0;
		};
		A3B8978C2C91478300E35443 /* Resources */ = {
			isa = PBXResourcesBuildPhase;
			buildActionMask = 2147483647;
			files = (
			);
			runOnlyForDeploymentPostprocessing = 0;
		};
		A3B897962C91478300E35443 /* Resources */ = {
			isa = PBXResourcesBuildPhase;
			buildActionMask = 2147483647;
			files = (
			);
			runOnlyForDeploymentPostprocessing = 0;
		};
/* End PBXResourcesBuildPhase section */

/* Begin PBXSourcesBuildPhase section */
		A3B8976F2C91478100E35443 /* Sources */ = {
			isa = PBXSourcesBuildPhase;
			buildActionMask = 2147483647;
			files = (
				A3B8977E2C91478100E35443 /* ViewController.m in Sources */,
				A3B897782C91478100E35443 /* AppDelegate.m in Sources */,
				A3B897892C91478300E35443 /* main.m in Sources */,
				A3B8977B2C91478100E35443 /* SceneDelegate.m in Sources */,
			);
			runOnlyForDeploymentPostprocessing = 0;
		};
		A3B8978A2C91478300E35443 /* Sources */ = {
			isa = PBXSourcesBuildPhase;
			buildActionMask = 2147483647;
			files = (
				A3B897932C91478300E35443 /* _____Tests.m in Sources */,
			);
			runOnlyForDeploymentPostprocessing = 0;
		};
		A3B897942C91478300E35443 /* Sources */ = {
			isa = PBXSourcesBuildPhase;
			buildActionMask = 2147483647;
			files = (
				A3B8979F2C91478300E35443 /* _____UITestsLaunchTests.m in Sources */,
				A3B8979D2C91478300E35443 /* _____UITests.m in Sources */,
			);
			runOnlyForDeploymentPostprocessing = 0;
		};
/* End PBXSourcesBuildPhase section */

/* Begin PBXTargetDependency section */
		A3B897902C91478300E35443 /* PBXTargetDependency */ = {
			isa = PBXTargetDependency;
			target = A3B897722C91478100E35443 /* 线程间通信 */;
			targetProxy = A3B8978F2C91478300E35443 /* PBXContainerItemProxy */;
		};
		A3B8979A2C91478300E35443 /* PBXTargetDependency */ = {
			isa = PBXTargetDependency;
			target = A3B897722C91478100E35443 /* 线程间通信 */;
			targetProxy = A3B897992C91478300E35443 /* PBXContainerItemProxy */;
		};
/* End PBXTargetDependency section */

/* Begin PBXVariantGroup section */
		A3B8977F2C91478100E35443 /* Main.storyboard */ = {
			isa = PBXVariantGroup;
			children = (
				A3B897802C91478100E35443 /* Base */,
			);
			name = Main.storyboard;
			sourceTree = "<group>";
		};
		A3B897842C91478300E35443 /* LaunchScreen.storyboard */ = {
			isa = PBXVariantGroup;
			children = (
				A3B897852C91478300E35443 /* Base */,
			);
			name = LaunchScreen.storyboard;
			sourceTree = "<group>";
		};
/* End PBXVariantGroup section */

/* Begin XCBuildConfiguration section */
		A3B897A02C91478300E35443 /* Debug */ = {
			isa = XCBuildConfiguration;
			buildSettings = {
				ALWAYS_SEARCH_USER_PATHS = NO;
				ASSETCATALOG_COMPILER_GENERATE_SWIFT_ASSET_SYMBOL_EXTENSIONS = YES;
				CLANG_ANALYZER_NONNULL = YES;
				CLANG_ANALYZER_NUMBER_OBJECT_CONVERSION = YES_AGGRESSIVE;
				CLANG_CXX_LANGUAGE_STANDARD = "gnu++20";
				CLANG_ENABLE_MODULES = YES;
				CLANG_ENABLE_OBJC_ARC = YES;
				CLANG_ENABLE_OBJC_WEAK = YES;
				CLANG_WARN_BLOCK_CAPTURE_AUTORELEASING = YES;
				CLANG_WARN_BOOL_CONVERSION = YES;
				CLANG_WARN_COMMA = YES;
				CLANG_WARN_CONSTANT_CONVERSION = YES;
				CLANG_WARN_DEPRECATED_OBJC_IMPLEMENTATIONS = YES;
				CLANG_WARN_DIRECT_OBJC_ISA_USAGE = YES_ERROR;
				CLANG_WARN_DOCUMENTATION_COMMENTS = YES;
				CLANG_WARN_EMPTY_BODY = YES;
				CLANG_WARN_ENUM_CONVERSION = YES;
				CLANG_WARN_INFINITE_RECURSION = YES;
				CLANG_WARN_INT_CONVERSION = YES;
				CLANG_WARN_NON_LITERAL_NULL_CONVERSION = YES;
				CLANG_WARN_OBJC_IMPLICIT_RETAIN_SELF = YES;
				CLANG_WARN_OBJC_LITERAL_CONVERSION = YES;
				CLANG_WARN_OBJC_ROOT_CLASS = YES_ERROR;
				CLANG_WARN_QUOTED_INCLUDE_IN_FRAMEWORK_HEADER = YES;
				CLANG_WARN_RANGE_LOOP_ANALYSIS = YES;
				CLANG_WARN_STRICT_PROTOTYPES = YES;
				CLANG_WARN_SUSPICIOUS_MOVE = YES;
				CLANG_WARN_UNGUARDED_AVAILABILITY = YES_AGGRESSIVE;
				CLANG_WARN_UNREACHABLE_CODE = YES;
				CLANG_WARN__DUPLICATE_METHOD_MATCH = YES;
				COPY_PHASE_STRIP = NO;
				DEBUG_INFORMATION_FORMAT = dwarf;
				ENABLE_STRICT_OBJC_MSGSEND = YES;
				ENABLE_TESTABILITY = YES;
				ENABLE_USER_SCRIPT_SANDBOXING = YES;
				GCC_C_LANGUAGE_STANDARD = gnu17;
				GCC_DYNAMIC_NO_PIC = NO;
				GCC_NO_COMMON_BLOCKS = YES;
				GCC_OPTIMIZATION_LEVEL = 0;
				GCC_PREPROCESSOR_DEFINITIONS = (
					"DEBUG=1",
					"$(inherited)",
				);
				GCC_WARN_64_TO_32_BIT_CONVERSION = YES;
				GCC_WARN_ABOUT_RETURN_TYPE = YES_ERROR;
				GCC_WARN_UNDECLARED_SELECTOR = YES;
				GCC_WARN_UNINITIALIZED_AUTOS = YES_AGGRESSIVE;
				GCC_WARN_UNUSED_FUNCTION = YES;
				GCC_WARN_UNUSED_VARIABLE = YES;
				IPHONEOS_DEPLOYMENT_TARGET = 17.5;
				LOCALIZATION_PREFERS_STRING_CATALOGS = YES;
				MTL_ENABLE_DEBUG_INFO = INCLUDE_SOURCE;
				MTL_FAST_MATH = YES;
				ONLY_ACTIVE_ARCH = YES;
				SDKROOT = iphoneos;
			};
			name = Debug;
		};
		A3B897A12C91478300E35443 /* Release */ = {
			isa = XCBuildConfiguration;
			buildSettings = {
				ALWAYS_SEARCH_USER_PATHS = NO;
				ASSETCATALOG_COMPILER_GENERATE_SWIFT_ASSET_SYMBOL_EXTENSIONS = YES;
				CLANG_ANALYZER_NONNULL = YES;
				CLANG_ANALYZER_NUMBER_OBJECT_CONVERSION = YES_AGGRESSIVE;
				CLANG_CXX_LANGUAGE_STANDARD = "gnu++20";
				CLANG_ENABLE_MODULES = YES;
				CLANG_ENABLE_OBJC_ARC = YES;
				CLANG_ENABLE_OBJC_WEAK = YES;
				CLANG_WARN_BLOCK_CAPTURE_AUTORELEASING = YES;
				CLANG_WARN_BOOL_CONVERSION = YES;
				CLANG_WARN_COMMA = YES;
				CLANG_WARN_CONSTANT_CONVERSION = YES;
				CLANG_WARN_DEPRECATED_OBJC_IMPLEMENTATIONS = YES;
				CLANG_WARN_DIRECT_OBJC_ISA_USAGE = YES_ERROR;
				CLANG_WARN_DOCUMENTATION_COMMENTS = YES;
				CLANG_WARN_EMPTY_BODY = YES;
				CLANG_WARN_ENUM_CONVERSION = YES;
				CLANG_WARN_INFINITE_RECURSION = YES;
				CLANG_WARN_INT_CONVERSION = YES;
				CLANG_WARN_NON_LITERAL_NULL_CONVERSION = YES;
				CLANG_WARN_OBJC_IMPLICIT_RETAIN_SELF = YES;
				CLANG_WARN_OBJC_LITERAL_CONVERSION = YES;
				CLANG_WARN_OBJC_ROOT_CLASS = YES_ERROR;
				CLANG_WARN_QUOTED_INCLUDE_IN_FRAMEWORK_HEADER = YES;
				CLANG_WARN_RANGE_LOOP_ANALYSIS = YES;
				CLANG_WARN_STRICT_PROTOTYPES = YES;
				CLANG_WARN_SUSPICIOUS_MOVE = YES;
				CLANG_WARN_UNGUARDED_AVAILABILITY = YES_AGGRESSIVE;
				CLANG_WARN_UNREACHABLE_CODE = YES;
				CLANG_WARN__DUPLICATE_METHOD_MATCH = YES;
				COPY_PHASE_STRIP = NO;
				DEBUG_INFORMATION_FORMAT = "dwarf-with-dsym";
				ENABLE_NS_ASSERTIONS = NO;
				ENABLE_STRICT_OBJC_MSGSEND = YES;
				ENABLE_USER_SCRIPT_SANDBOXING = YES;
				GCC_C_LANGUAGE_STANDARD = gnu17;
				GCC_NO_COMMON_BLOCKS = YES;
				GCC_WARN_64_TO_32_BIT_CONVERSION = YES;
				GCC_WARN_ABOUT_RETURN_TYPE = YES_ERROR;
				GCC_WARN_UNDECLARED_SELECTOR = YES;
				GCC_WARN_UNINITIALIZED_AUTOS = YES_AGGRESSIVE;
				GCC_WARN_UNUSED_FUNCTION = YES;
				GCC_WARN_UNUSED_VARIABLE = YES;
				IPHONEOS_DEPLOYMENT_TARGET = 17.5;
				LOCALIZATION_PREFERS_STRING_CATALOGS = YES;
				MTL_ENABLE_DEBUG_INFO = NO;
				MTL_FAST_MATH = YES;
				SDKROOT = iphoneos;
				VALIDATE_PRODUCT = YES;
			};
			name = Release;
		};
		A3B897A32C91478300E35443 /* Debug */ = {
			isa = XCBuildConfiguration;
			buildSettings = {
				ASSETCATALOG_COMPILER_APPICON_NAME = AppIcon;
				ASSETCATALOG_COMPILER_GLOBAL_ACCENT_COLOR_NAME = AccentColor;
				CODE_SIGN_STYLE = Automatic;
				CURRENT_PROJECT_VERSION = 1;
				GENERATE_INFOPLIST_FILE = YES;
				INFOPLIST_FILE = "线程间通信/Info.plist";
				INFOPLIST_KEY_UIApplicationSupportsIndirectInputEvents = YES;
				INFOPLIST_KEY_UILaunchStoryboardName = LaunchScreen;
				INFOPLIST_KEY_UIMainStoryboardFile = Main;
				INFOPLIST_KEY_UISupportedInterfaceOrientations_iPad = "UIInterfaceOrientationPortrait UIInterfaceOrientationPortraitUpsideDown UIInterfaceOrientationLandscapeLeft UIInterfaceOrientationLandscapeRight";
				INFOPLIST_KEY_UISupportedInterfaceOrientations_iPhone = "UIInterfaceOrientationPortrait UIInterfaceOrientationLandscapeLeft UIInterfaceOrientationLandscapeRight";
				LD_RUNPATH_SEARCH_PATHS = (
					"$(inherited)",
					"@executable_path/Frameworks",
				);
				MARKETING_VERSION = 1.0;
				PRODUCT_BUNDLE_IDENTIFIER = "yusongmin.-----";
				PRODUCT_NAME = "$(TARGET_NAME)";
				SWIFT_EMIT_LOC_STRINGS = YES;
				TARGETED_DEVICE_FAMILY = "1,2";
			};
			name = Debug;
		};
		A3B897A42C91478300E35443 /* Release */ = {
			isa = XCBuildConfiguration;
			buildSettings = {
				ASSETCATALOG_COMPILER_APPICON_NAME = AppIcon;
				ASSETCATALOG_COMPILER_GLOBAL_ACCENT_COLOR_NAME = AccentColor;
				CODE_SIGN_STYLE = Automatic;
				CURRENT_PROJECT_VERSION = 1;
				GENERATE_INFOPLIST_FILE = YES;
				INFOPLIST_FILE = "线程间通信/Info.plist";
				INFOPLIST_KEY_UIApplicationSupportsIndirectInputEvents = YES;
				INFOPLIST_KEY_UILaunchStoryboardName = LaunchScreen;
				INFOPLIST_KEY_UIMainStoryboardFile = Main;
				INFOPLIST_KEY_UISupportedInterfaceOrientations_iPad = "UIInterfaceOrientationPortrait UIInterfaceOrientationPortraitUpsideDown UIInterfaceOrientationLandscapeLeft UIInterfaceOrientationLandscapeRight";
				INFOPLIST_KEY_UISupportedInterfaceOrientations_iPhone = "UIInterfaceOrientationPortrait UIInterfaceOrientationLandscapeLeft UIInterfaceOrientationLandscapeRight";
				LD_RUNPATH_SEARCH_PATHS = (
					"$(inherited)",
					"@executable_path/Frameworks",
				);
				MARKETING_VERSION = 1.0;
				PRODUCT_BUNDLE_IDENTIFIER = "yusongmin.-----";
				PRODUCT_NAME = "$(TARGET_NAME)";
				SWIFT_EMIT_LOC_STRINGS = YES;
				TARGETED_DEVICE_FAMILY = "1,2";
			};
			name = Release;
		};
		A3B897A62C91478300E35443 /* Debug */ = {
			isa = XCBuildConfiguration;
			buildSettings = {
				BUNDLE_LOADER = "$(TEST_HOST)";
				CODE_SIGN_STYLE = Automatic;
				CURRENT_PROJECT_VERSION = 1;
				GENERATE_INFOPLIST_FILE = YES;
				IPHONEOS_DEPLOYMENT_TARGET = 17.5;
				MARKETING_VERSION = 1.0;
				PRODUCT_BUNDLE_IDENTIFIER = "yusongmin.-----Tests";
				PRODUCT_NAME = "$(TARGET_NAME)";
				SWIFT_EMIT_LOC_STRINGS = NO;
				TARGETED_DEVICE_FAMILY = "1,2";
				TEST_HOST = "$(BUILT_PRODUCTS_DIR)/线程间通信.app/$(BUNDLE_EXECUTABLE_FOLDER_PATH)/线程间通信";
			};
			name = Debug;
		};
		A3B897A72C91478300E35443 /* Release */ = {
			isa = XCBuildConfiguration;
			buildSettings = {
				BUNDLE_LOADER = "$(TEST_HOST)";
				CODE_SIGN_STYLE = Automatic;
				CURRENT_PROJECT_VERSION = 1;
				GENERATE_INFOPLIST_FILE = YES;
				IPHONEOS_DEPLOYMENT_TARGET = 17.5;
				MARKETING_VERSION = 1.0;
				PRODUCT_BUNDLE_IDENTIFIER = "yusongmin.-----Tests";
				PRODUCT_NAME = "$(TARGET_NAME)";
				SWIFT_EMIT_LOC_STRINGS = NO;
				TARGETED_DEVICE_FAMILY = "1,2";
				TEST_HOST = "$(BUILT_PRODUCTS_DIR)/线程间通信.app/$(BUNDLE_EXECUTABLE_FOLDER_PATH)/线程间通信";
			};
			name = Release;
		};
		A3B897A92C91478300E35443 /* Debug */ = {
			isa = XCBuildConfiguration;
			buildSettings = {
				CODE_SIGN_STYLE = Automatic;
				CURRENT_PROJECT_VERSION = 1;
				GENERATE_INFOPLIST_FILE = YES;
				MARKETING_VERSION = 1.0;
				PRODUCT_BUNDLE_IDENTIFIER = "yusongmin.-----UITests";
				PRODUCT_NAME = "$(TARGET_NAME)";
				SWIFT_EMIT_LOC_STRINGS = NO;
				TARGETED_DEVICE_FAMILY = "1,2";
				TEST_TARGET_NAME = "线程间通信";
			};
			name = Debug;
		};
		A3B897AA2C91478300E35443 /* Release */ = {
			isa = XCBuildConfiguration;
			buildSettings = {
				CODE_SIGN_STYLE = Automatic;
				CURRENT_PROJECT_VERSION = 1;
				GENERATE_INFOPLIST_FILE = YES;
				MARKETING_VERSION = 1.0;
				PRODUCT_BUNDLE_IDENTIFIER = "yusongmin.-----UITests";
				PRODUCT_NAME = "$(TARGET_NAME)";
				SWIFT_EMIT_LOC_STRINGS = NO;
				TARGETED_DEVICE_FAMILY = "1,2";
				TEST_TARGET_NAME = "线程间通信";
			};
			name = Release;
		};
/* End XCBuildConfiguration section */

/* Begin XCConfigurationList section */
		A3B8976E2C91478100E35443 /* Build configuration list for PBXProject "线程间通信" */ = {
			isa = XCConfigurationList;
			buildConfigurations = (
				A3B897A02C91478300E35443 /* Debug */,
				A3B897A12C91478300E35443 /* Release */,
			);
			defaultConfigurationIsVisible = 0;
			defaultConfigurationName = Release;
		};
		A3B897A22C91478300E35443 /* Build configuration list for PBXNativeTarget "线程间通信" */ = {
			isa = XCConfigurationList;
			buildConfigurations = (
				A3B897A32C91478300E35443 /* Debug */,
				A3B897A42C91478300E35443 /* Release */,
			);
			defaultConfigurationIsVisible = 0;
			defaultConfigurationName = Release;
		};
		A3B897A52C91478300E35443 /* Build configuration list for PBXNativeTarget "线程间通信Tests" */ = {
			isa = XCConfigurationList;
			buildConfigurations = (
				A3B897A62C91478300E35443 /* Debug */,
				A3B897A72C91478300E35443 /* Release */,
			);
			defaultConfigurationIsVisible = 0;
			defaultConfigurationName = Release;
		};
		A3B897A82C91478300E35443 /* Build configuration list for PBXNativeTarget "线程间通信UITests" */ = {
			isa = XCConfigurationList;
			buildConfigurations = (
				A3B897A92C91478300E35443 /* Debug */,
				A3B897AA2C91478300E35443 /* Release */,
			);
			defaultConfigurationIsVisible = 0;
			defaultConfigurationName = Release;
		};
/* End XCConfigurationList section */
	};
	rootObject = A3B8976B2C91478100E35443 /* Project object */;
}
