// !$*UTF8*$!
{
	archiveVersion = 1;
	classes = {
	};
	objectVersion = 56;
	objects = {

/* Begin PBXBuildFile section */
		A3B895472C8811FA00E35443 /* AppDelegate.m in Sources */ = {isa = PBXBuildFile; fileRef = A3B895462C8811FA00E35443 /* AppDelegate.m */; };
		A3B8954A2C8811FA00E35443 /* SceneDelegate.m in Sources */ = {isa = PBXBuildFile; fileRef = A3B895492C8811FA00E35443 /* SceneDelegate.m */; };
		A3B895502C8811FA00E35443 /* Base in Resources */ = {isa = PBXBuildFile; fileRef = A3B8954F2C8811FA00E35443 /* Base */; };
		A3B895522C8811FC00E35443 /* Assets.xcassets in Resources */ = {isa = PBXBuildFile; fileRef = A3B895512C8811FC00E35443 /* Assets.xcassets */; };
		A3B895552C8811FC00E35443 /* Base in Resources */ = {isa = PBXBuildFile; fileRef = A3B895542C8811FC00E35443 /* Base */; };
		A3B895582C8811FC00E35443 /* main.m in Sources */ = {isa = PBXBuildFile; fileRef = A3B895572C8811FC00E35443 /* main.m */; };
		A3B895622C8811FC00E35443 /* ____Tests.m in Sources */ = {isa = PBXBuildFile; fileRef = A3B895612C8811FC00E35443 /* ____Tests.m */; };
		A3B8956C2C8811FC00E35443 /* ____UITests.m in Sources */ = {isa = PBXBuildFile; fileRef = A3B8956B2C8811FC00E35443 /* ____UITests.m */; };
		A3B8956E2C8811FC00E35443 /* ____UITestsLaunchTests.m in Sources */ = {isa = PBXBuildFile; fileRef = A3B8956D2C8811FC00E35443 /* ____UITestsLaunchTests.m */; };
		A3B8957E2C88127F00E35443 /* secondViewController.m in Sources */ = {isa = PBXBuildFile; fileRef = A3B8957A2C88127F00E35443 /* secondViewController.m */; };
		A3B8957F2C88127F00E35443 /* ViewController.m in Sources */ = {isa = PBXBuildFile; fileRef = A3B8957D2C88127F00E35443 /* ViewController.m */; };
/* End PBXBuildFile section */

/* Begin PBXContainerItemProxy section */
		A3B8955E2C8811FC00E35443 /* PBXContainerItemProxy */ = {
			isa = PBXContainerItemProxy;
			containerPortal = A3B8953A2C8811FA00E35443 /* Project object */;
			proxyType = 1;
			remoteGlobalIDString = A3B895412C8811FA00E35443;
			remoteInfo = "单例传值";
		};
		A3B895682C8811FC00E35443 /* PBXContainerItemProxy */ = {
			isa = PBXContainerItemProxy;
			containerPortal = A3B8953A2C8811FA00E35443 /* Project object */;
			proxyType = 1;
			remoteGlobalIDString = A3B895412C8811FA00E35443;
			remoteInfo = "单例传值";
		};
/* End PBXContainerItemProxy section */

/* Begin PBXFileReference section */
		A3B895422C8811FA00E35443 /* 单例传值.app */ = {isa = PBXFileReference; explicitFileType = wrapper.application; includeInIndex = 0; path = "单例传值.app"; sourceTree = BUILT_PRODUCTS_DIR; };
		A3B895452C8811FA00E35443 /* AppDelegate.h */ = {isa = PBXFileReference; lastKnownFileType = sourcecode.c.h; path = AppDelegate.h; sourceTree = "<group>"; };
		A3B895462C8811FA00E35443 /* AppDelegate.m */ = {isa = PBXFileReference; lastKnownFileType = sourcecode.c.objc; path = AppDelegate.m; sourceTree = "<group>"; };
		A3B895482C8811FA00E35443 /* SceneDelegate.h */ = {isa = PBXFileReference; lastKnownFileType = sourcecode.c.h; path = SceneDelegate.h; sourceTree = "<group>"; };
		A3B895492C8811FA00E35443 /* SceneDelegate.m */ = {isa = PBXFileReference; lastKnownFileType = sourcecode.c.objc; path = SceneDelegate.m; sourceTree = "<group>"; };
		A3B8954F2C8811FA00E35443 /* Base */ = {isa = PBXFileReference; lastKnownFileType = file.storyboard; name = Base; path = Base.lproj/Main.storyboard; sourceTree = "<group>"; };
		A3B895512C8811FC00E35443 /* Assets.xcassets */ = {isa = PBXFileReference; lastKnownFileType = folder.assetcatalog; path = Assets.xcassets; sourceTree = "<group>"; };
		A3B895542C8811FC00E35443 /* Base */ = {isa = PBXFileReference; lastKnownFileType = file.storyboard; name = Base; path = Base.lproj/LaunchScreen.storyboard; sourceTree = "<group>"; };
		A3B895562C8811FC00E35443 /* Info.plist */ = {isa = PBXFileReference; lastKnownFileType = text.plist.xml; path = Info.plist; sourceTree = "<group>"; };
		A3B895572C8811FC00E35443 /* main.m */ = {isa = PBXFileReference; lastKnownFileType = sourcecode.c.objc; path = main.m; sourceTree = "<group>"; };
		A3B8955D2C8811FC00E35443 /* 单例传值Tests.xctest */ = {isa = PBXFileReference; explicitFileType = wrapper.cfbundle; includeInIndex = 0; path = "单例传值Tests.xctest"; sourceTree = BUILT_PRODUCTS_DIR; };
		A3B895612C8811FC00E35443 /* ____Tests.m */ = {isa = PBXFileReference; lastKnownFileType = sourcecode.c.objc; path = "____Tests.m"; sourceTree = "<group>"; };
		A3B895672C8811FC00E35443 /* 单例传值UITests.xctest */ = {isa = PBXFileReference; explicitFileType = wrapper.cfbundle; includeInIndex = 0; path = "单例传值UITests.xctest"; sourceTree = BUILT_PRODUCTS_DIR; };
		A3B8956B2C8811FC00E35443 /* ____UITests.m */ = {isa = PBXFileReference; lastKnownFileType = sourcecode.c.objc; path = "____UITests.m"; sourceTree = "<group>"; };
		A3B8956D2C8811FC00E35443 /* ____UITestsLaunchTests.m */ = {isa = PBXFileReference; lastKnownFileType = sourcecode.c.objc; path = "____UITestsLaunchTests.m"; sourceTree = "<group>"; };
		A3B8957A2C88127F00E35443 /* secondViewController.m */ = {isa = PBXFileReference; fileEncoding = 4; lastKnownFileType = sourcecode.c.objc; name = secondViewController.m; path = "../../block传值/block传值/secondViewController.m"; sourceTree = "<group>"; };
		A3B8957B2C88127F00E35443 /* secondViewController.h */ = {isa = PBXFileReference; fileEncoding = 4; lastKnownFileType = sourcecode.c.h; name = secondViewController.h; path = "../../block传值/block传值/secondViewController.h"; sourceTree = "<group>"; };
		A3B8957C2C88127F00E35443 /* ViewController.h */ = {isa = PBXFileReference; fileEncoding = 4; lastKnownFileType = sourcecode.c.h; name = ViewController.h; path = "../../block传值/block传值/ViewController.h"; sourceTree = "<group>"; };
		A3B8957D2C88127F00E35443 /* ViewController.m */ = {isa = PBXFileReference; fileEncoding = 4; lastKnownFileType = sourcecode.c.objc; name = ViewController.m; path = "../../block传值/block传值/ViewController.m"; sourceTree = "<group>"; };
/* End PBXFileReference section */

/* Begin PBXFrameworksBuildPhase section */
		A3B8953F2C8811FA00E35443 /* Frameworks */ = {
			isa = PBXFrameworksBuildPhase;
			buildActionMask = 2147483647;
			files = (
			);
			runOnlyForDeploymentPostprocessing = 0;
		};
		A3B8955A2C8811FC00E35443 /* Frameworks */ = {
			isa = PBXFrameworksBuildPhase;
			buildActionMask = 2147483647;
			files = (
			);
			runOnlyForDeploymentPostprocessing = 0;
		};
		A3B895642C8811FC00E35443 /* Frameworks */ = {
			isa = PBXFrameworksBuildPhase;
			buildActionMask = 2147483647;
			files = (
			);
			runOnlyForDeploymentPostprocessing = 0;
		};
/* End PBXFrameworksBuildPhase section */

/* Begin PBXGroup section */
		A3B895392C8811FA00E35443 = {
			isa = PBXGroup;
			children = (
				A3B895442C8811FA00E35443 /* 单例传值 */,
				A3B895602C8811FC00E35443 /* 单例传值Tests */,
				A3B8956A2C8811FC00E35443 /* 单例传值UITests */,
				A3B895432C8811FA00E35443 /* Products */,
			);
			sourceTree = "<group>";
		};
		A3B895432C8811FA00E35443 /* Products */ = {
			isa = PBXGroup;
			children = (
				A3B895422C8811FA00E35443 /* 单例传值.app */,
				A3B8955D2C8811FC00E35443 /* 单例传值Tests.xctest */,
				A3B895672C8811FC00E35443 /* 单例传值UITests.xctest */,
			);
			name = Products;
			sourceTree = "<group>";
		};
		A3B895442C8811FA00E35443 /* 单例传值 */ = {
			isa = PBXGroup;
			children = (
				A3B8957B2C88127F00E35443 /* secondViewController.h */,
				A3B8957A2C88127F00E35443 /* secondViewController.m */,
				A3B8957C2C88127F00E35443 /* ViewController.h */,
				A3B8957D2C88127F00E35443 /* ViewController.m */,
				A3B895452C8811FA00E35443 /* AppDelegate.h */,
				A3B895462C8811FA00E35443 /* AppDelegate.m */,
				A3B895482C8811FA00E35443 /* SceneDelegate.h */,
				A3B895492C8811FA00E35443 /* SceneDelegate.m */,
				A3B8954E2C8811FA00E35443 /* Main.storyboard */,
				A3B895512C8811FC00E35443 /* Assets.xcassets */,
				A3B895532C8811FC00E35443 /* LaunchScreen.storyboard */,
				A3B895562C8811FC00E35443 /* Info.plist */,
				A3B895572C8811FC00E35443 /* main.m */,
			);
			path = "单例传值";
			sourceTree = "<group>";
		};
		A3B895602C8811FC00E35443 /* 单例传值Tests */ = {
			isa = PBXGroup;
			children = (
				A3B895612C8811FC00E35443 /* ____Tests.m */,
			);
			path = "单例传值Tests";
			sourceTree = "<group>";
		};
		A3B8956A2C8811FC00E35443 /* 单例传值UITests */ = {
			isa = PBXGroup;
			children = (
				A3B8956B2C8811FC00E35443 /* ____UITests.m */,
				A3B8956D2C8811FC00E35443 /* ____UITestsLaunchTests.m */,
			);
			path = "单例传值UITests";
			sourceTree = "<group>";
		};
/* End PBXGroup section */

/* Begin PBXNativeTarget section */
		A3B895412C8811FA00E35443 /* 单例传值 */ = {
			isa = PBXNativeTarget;
			buildConfigurationList = A3B895712C8811FC00E35443 /* Build configuration list for PBXNativeTarget "单例传值" */;
			buildPhases = (
				A3B8953E2C8811FA00E35443 /* Sources */,
				A3B8953F2C8811FA00E35443 /* Frameworks */,
				A3B895402C8811FA00E35443 /* Resources */,
			);
			buildRules = (
			);
			dependencies = (
			);
			name = "单例传值";
			productName = "单例传值";
			productReference = A3B895422C8811FA00E35443 /* 单例传值.app */;
			productType = "com.apple.product-type.application";
		};
		A3B8955C2C8811FC00E35443 /* 单例传值Tests */ = {
			isa = PBXNativeTarget;
			buildConfigurationList = A3B895742C8811FC00E35443 /* Build configuration list for PBXNativeTarget "单例传值Tests" */;
			buildPhases = (
				A3B895592C8811FC00E35443 /* Sources */,
				A3B8955A2C8811FC00E35443 /* Frameworks */,
				A3B8955B2C8811FC00E35443 /* Resources */,
			);
			buildRules = (
			);
			dependencies = (
				A3B8955F2C8811FC00E35443 /* PBXTargetDependency */,
			);
			name = "单例传值Tests";
			productName = "单例传值Tests";
			productReference = A3B8955D2C8811FC00E35443 /* 单例传值Tests.xctest */;
			productType = "com.apple.product-type.bundle.unit-test";
		};
		A3B895662C8811FC00E35443 /* 单例传值UITests */ = {
			isa = PBXNativeTarget;
			buildConfigurationList = A3B895772C8811FC00E35443 /* Build configuration list for PBXNativeTarget "单例传值UITests" */;
			buildPhases = (
				A3B895632C8811FC00E35443 /* Sources */,
				A3B895642C8811FC00E35443 /* Frameworks */,
				A3B895652C8811FC00E35443 /* Resources */,
			);
			buildRules = (
			);
			dependencies = (
				A3B895692C8811FC00E35443 /* PBXTargetDependency */,
			);
			name = "单例传值UITests";
			productName = "单例传值UITests";
			productReference = A3B895672C8811FC00E35443 /* 单例传值UITests.xctest */;
			productType = "com.apple.product-type.bundle.ui-testing";
		};
/* End PBXNativeTarget section */

/* Begin PBXProject section */
		A3B8953A2C8811FA00E35443 /* Project object */ = {
			isa = PBXProject;
			attributes = {
				BuildIndependentTargetsInParallel = 1;
				LastUpgradeCheck = 1540;
				TargetAttributes = {
					A3B895412C8811FA00E35443 = {
						CreatedOnToolsVersion = 15.4;
					};
					A3B8955C2C8811FC00E35443 = {
						CreatedOnToolsVersion = 15.4;
						TestTargetID = A3B895412C8811FA00E35443;
					};
					A3B895662C8811FC00E35443 = {
						CreatedOnToolsVersion = 15.4;
						TestTargetID = A3B895412C8811FA00E35443;
					};
				};
			};
			buildConfigurationList = A3B8953D2C8811FA00E35443 /* Build configuration list for PBXProject "单例传值" */;
			compatibilityVersion = "Xcode 14.0";
			developmentRegion = en;
			hasScannedForEncodings = 0;
			knownRegions = (
				en,
				Base,
			);
			mainGroup = A3B895392C8811FA00E35443;
			productRefGroup = A3B895432C8811FA00E35443 /* Products */;
			projectDirPath = "";
			projectRoot = "";
			targets = (
				A3B895412C8811FA00E35443 /* 单例传值 */,
				A3B8955C2C8811FC00E35443 /* 单例传值Tests */,
				A3B895662C8811FC00E35443 /* 单例传值UITests */,
			);
		};
/* End PBXProject section */

/* Begin PBXResourcesBuildPhase section */
		A3B895402C8811FA00E35443 /* Resources */ = {
			isa = PBXResourcesBuildPhase;
			buildActionMask = 2147483647;
			files = (
				A3B895522C8811FC00E35443 /* Assets.xcassets in Resources */,
				A3B895552C8811FC00E35443 /* Base in Resources */,
				A3B895502C8811FA00E35443 /* Base in Resources */,
			);
			runOnlyForDeploymentPostprocessing = 0;
		};
		A3B8955B2C8811FC00E35443 /* Resources */ = {
			isa = PBXResourcesBuildPhase;
			buildActionMask = 2147483647;
			files = (
			);
			runOnlyForDeploymentPostprocessing = 0;
		};
		A3B895652C8811FC00E35443 /* Resources */ = {
			isa = PBXResourcesBuildPhase;
			buildActionMask = 2147483647;
			files = (
			);
			runOnlyForDeploymentPostprocessing = 0;
		};
/* End PBXResourcesBuildPhase section */

/* Begin PBXSourcesBuildPhase section */
		A3B8953E2C8811FA00E35443 /* Sources */ = {
			isa = PBXSourcesBuildPhase;
			buildActionMask = 2147483647;
			files = (
				A3B8957E2C88127F00E35443 /* secondViewController.m in Sources */,
				A3B895472C8811FA00E35443 /* AppDelegate.m in Sources */,
				A3B895582C8811FC00E35443 /* main.m in Sources */,
				A3B8954A2C8811FA00E35443 /* SceneDelegate.m in Sources */,
				A3B8957F2C88127F00E35443 /* ViewController.m in Sources */,
			);
			runOnlyForDeploymentPostprocessing = 0;
		};
		A3B895592C8811FC00E35443 /* Sources */ = {
			isa = PBXSourcesBuildPhase;
			buildActionMask = 2147483647;
			files = (
				A3B895622C8811FC00E35443 /* ____Tests.m in Sources */,
			);
			runOnlyForDeploymentPostprocessing = 0;
		};
		A3B895632C8811FC00E35443 /* Sources */ = {
			isa = PBXSourcesBuildPhase;
			buildActionMask = 2147483647;
			files = (
				A3B8956E2C8811FC00E35443 /* ____UITestsLaunchTests.m in Sources */,
				A3B8956C2C8811FC00E35443 /* ____UITests.m in Sources */,
			);
			runOnlyForDeploymentPostprocessing = 0;
		};
/* End PBXSourcesBuildPhase section */

/* Begin PBXTargetDependency section */
		A3B8955F2C8811FC00E35443 /* PBXTargetDependency */ = {
			isa = PBXTargetDependency;
			target = A3B895412C8811FA00E35443 /* 单例传值 */;
			targetProxy = A3B8955E2C8811FC00E35443 /* PBXContainerItemProxy */;
		};
		A3B895692C8811FC00E35443 /* PBXTargetDependency */ = {
			isa = PBXTargetDependency;
			target = A3B895412C8811FA00E35443 /* 单例传值 */;
			targetProxy = A3B895682C8811FC00E35443 /* PBXContainerItemProxy */;
		};
/* End PBXTargetDependency section */

/* Begin PBXVariantGroup section */
		A3B8954E2C8811FA00E35443 /* Main.storyboard */ = {
			isa = PBXVariantGroup;
			children = (
				A3B8954F2C8811FA00E35443 /* Base */,
			);
			name = Main.storyboard;
			sourceTree = "<group>";
		};
		A3B895532C8811FC00E35443 /* LaunchScreen.storyboard */ = {
			isa = PBXVariantGroup;
			children = (
				A3B895542C8811FC00E35443 /* Base */,
			);
			name = LaunchScreen.storyboard;
			sourceTree = "<group>";
		};
/* End PBXVariantGroup section */

/* Begin XCBuildConfiguration section */
		A3B8956F2C8811FC00E35443 /* Debug */ = {
			isa = XCBuildConfiguration;
			buildSettings = {
				ALWAYS_SEARCH_USER_PATHS = NO;
				ASSETCATALOG_COMPILER_GENERATE_SWIFT_ASSET_SYMBOL_EXTENSIONS = YES;
				CLANG_ANALYZER_NONNULL = YES;
				CLANG_ANALYZER_NUMBER_OBJECT_CONVERSION = YES_AGGRESSIVE;
				CLANG_CXX_LANGUAGE_STANDARD = "gnu++20";
				CLANG_ENABLE_MODULES = YES;
				CLANG_ENABLE_OBJC_ARC = YES;
				CLANG_ENABLE_OBJC_WEAK = YES;
				CLANG_WARN_BLOCK_CAPTURE_AUTORELEASING = YES;
				CLANG_WARN_BOOL_CONVERSION = YES;
				CLANG_WARN_COMMA = YES;
				CLANG_WARN_CONSTANT_CONVERSION = YES;
				CLANG_WARN_DEPRECATED_OBJC_IMPLEMENTATIONS = YES;
				CLANG_WARN_DIRECT_OBJC_ISA_USAGE = YES_ERROR;
				CLANG_WARN_DOCUMENTATION_COMMENTS = YES;
				CLANG_WARN_EMPTY_BODY = YES;
				CLANG_WARN_ENUM_CONVERSION = YES;
				CLANG_WARN_INFINITE_RECURSION = YES;
				CLANG_WARN_INT_CONVERSION = YES;
				CLANG_WARN_NON_LITERAL_NULL_CONVERSION = YES;
				CLANG_WARN_OBJC_IMPLICIT_RETAIN_SELF = YES;
				CLANG_WARN_OBJC_LITERAL_CONVERSION = YES;
				CLANG_WARN_OBJC_ROOT_CLASS = YES_ERROR;
				CLANG_WARN_QUOTED_INCLUDE_IN_FRAMEWORK_HEADER = YES;
				CLANG_WARN_RANGE_LOOP_ANALYSIS = YES;
				CLANG_WARN_STRICT_PROTOTYPES = YES;
				CLANG_WARN_SUSPICIOUS_MOVE = YES;
				CLANG_WARN_UNGUARDED_AVAILABILITY = YES_AGGRESSIVE;
				CLANG_WARN_UNREACHABLE_CODE = YES;
				CLANG_WARN__DUPLICATE_METHOD_MATCH = YES;
				COPY_PHASE_STRIP = NO;
				DEBUG_INFORMATION_FORMAT = dwarf;
				ENABLE_STRICT_OBJC_MSGSEND = YES;
				ENABLE_TESTABILITY = YES;
				ENABLE_USER_SCRIPT_SANDBOXING = YES;
				GCC_C_LANGUAGE_STANDARD = gnu17;
				GCC_DYNAMIC_NO_PIC = NO;
				GCC_NO_COMMON_BLOCKS = YES;
				GCC_OPTIMIZATION_LEVEL = 0;
				GCC_PREPROCESSOR_DEFINITIONS = (
					"DEBUG=1",
					"$(inherited)",
				);
				GCC_WARN_64_TO_32_BIT_CONVERSION = YES;
				GCC_WARN_ABOUT_RETURN_TYPE = YES_ERROR;
				GCC_WARN_UNDECLARED_SELECTOR = YES;
				GCC_WARN_UNINITIALIZED_AUTOS = YES_AGGRESSIVE;
				GCC_WARN_UNUSED_FUNCTION = YES;
				GCC_WARN_UNUSED_VARIABLE = YES;
				IPHONEOS_DEPLOYMENT_TARGET = 17.5;
				LOCALIZATION_PREFERS_STRING_CATALOGS = YES;
				MTL_ENABLE_DEBUG_INFO = INCLUDE_SOURCE;
				MTL_FAST_MATH = YES;
				ONLY_ACTIVE_ARCH = YES;
				SDKROOT = iphoneos;
			};
			name = Debug;
		};
		A3B895702C8811FC00E35443 /* Release */ = {
			isa = XCBuildConfiguration;
			buildSettings = {
				ALWAYS_SEARCH_USER_PATHS = NO;
				ASSETCATALOG_COMPILER_GENERATE_SWIFT_ASSET_SYMBOL_EXTENSIONS = YES;
				CLANG_ANALYZER_NONNULL = YES;
				CLANG_ANALYZER_NUMBER_OBJECT_CONVERSION = YES_AGGRESSIVE;
				CLANG_CXX_LANGUAGE_STANDARD = "gnu++20";
				CLANG_ENABLE_MODULES = YES;
				CLANG_ENABLE_OBJC_ARC = YES;
				CLANG_ENABLE_OBJC_WEAK = YES;
				CLANG_WARN_BLOCK_CAPTURE_AUTORELEASING = YES;
				CLANG_WARN_BOOL_CONVERSION = YES;
				CLANG_WARN_COMMA = YES;
				CLANG_WARN_CONSTANT_CONVERSION = YES;
				CLANG_WARN_DEPRECATED_OBJC_IMPLEMENTATIONS = YES;
				CLANG_WARN_DIRECT_OBJC_ISA_USAGE = YES_ERROR;
				CLANG_WARN_DOCUMENTATION_COMMENTS = YES;
				CLANG_WARN_EMPTY_BODY = YES;
				CLANG_WARN_ENUM_CONVERSION = YES;
				CLANG_WARN_INFINITE_RECURSION = YES;
				CLANG_WARN_INT_CONVERSION = YES;
				CLANG_WARN_NON_LITERAL_NULL_CONVERSION = YES;
				CLANG_WARN_OBJC_IMPLICIT_RETAIN_SELF = YES;
				CLANG_WARN_OBJC_LITERAL_CONVERSION = YES;
				CLANG_WARN_OBJC_ROOT_CLASS = YES_ERROR;
				CLANG_WARN_QUOTED_INCLUDE_IN_FRAMEWORK_HEADER = YES;
				CLANG_WARN_RANGE_LOOP_ANALYSIS = YES;
				CLANG_WARN_STRICT_PROTOTYPES = YES;
				CLANG_WARN_SUSPICIOUS_MOVE = YES;
				CLANG_WARN_UNGUARDED_AVAILABILITY = YES_AGGRESSIVE;
				CLANG_WARN_UNREACHABLE_CODE = YES;
				CLANG_WARN__DUPLICATE_METHOD_MATCH = YES;
				COPY_PHASE_STRIP = NO;
				DEBUG_INFORMATION_FORMAT = "dwarf-with-dsym";
				ENABLE_NS_ASSERTIONS = NO;
				ENABLE_STRICT_OBJC_MSGSEND = YES;
				ENABLE_USER_SCRIPT_SANDBOXING = YES;
				GCC_C_LANGUAGE_STANDARD = gnu17;
				GCC_NO_COMMON_BLOCKS = YES;
				GCC_WARN_64_TO_32_BIT_CONVERSION = YES;
				GCC_WARN_ABOUT_RETURN_TYPE = YES_ERROR;
				GCC_WARN_UNDECLARED_SELECTOR = YES;
				GCC_WARN_UNINITIALIZED_AUTOS = YES_AGGRESSIVE;
				GCC_WARN_UNUSED_FUNCTION = YES;
				GCC_WARN_UNUSED_VARIABLE = YES;
				IPHONEOS_DEPLOYMENT_TARGET = 17.5;
				LOCALIZATION_PREFERS_STRING_CATALOGS = YES;
				MTL_ENABLE_DEBUG_INFO = NO;
				MTL_FAST_MATH = YES;
				SDKROOT = iphoneos;
				VALIDATE_PRODUCT = YES;
			};
			name = Release;
		};
		A3B895722C8811FC00E35443 /* Debug */ = {
			isa = XCBuildConfiguration;
			buildSettings = {
				ASSETCATALOG_COMPILER_APPICON_NAME = AppIcon;
				ASSETCATALOG_COMPILER_GLOBAL_ACCENT_COLOR_NAME = AccentColor;
				CODE_SIGN_STYLE = Automatic;
				CURRENT_PROJECT_VERSION = 1;
				GENERATE_INFOPLIST_FILE = YES;
				INFOPLIST_FILE = "单例传值/Info.plist";
				INFOPLIST_KEY_UIApplicationSupportsIndirectInputEvents = YES;
				INFOPLIST_KEY_UILaunchStoryboardName = LaunchScreen;
				INFOPLIST_KEY_UIMainStoryboardFile = Main;
				INFOPLIST_KEY_UISupportedInterfaceOrientations_iPad = "UIInterfaceOrientationPortrait UIInterfaceOrientationPortraitUpsideDown UIInterfaceOrientationLandscapeLeft UIInterfaceOrientationLandscapeRight";
				INFOPLIST_KEY_UISupportedInterfaceOrientations_iPhone = "UIInterfaceOrientationPortrait UIInterfaceOrientationLandscapeLeft UIInterfaceOrientationLandscapeRight";
				LD_RUNPATH_SEARCH_PATHS = (
					"$(inherited)",
					"@executable_path/Frameworks",
				);
				MARKETING_VERSION = 1.0;
				PRODUCT_BUNDLE_IDENTIFIER = "yusongmin.----";
				PRODUCT_NAME = "$(TARGET_NAME)";
				SWIFT_EMIT_LOC_STRINGS = YES;
				TARGETED_DEVICE_FAMILY = "1,2";
			};
			name = Debug;
		};
		A3B895732C8811FC00E35443 /* Release */ = {
			isa = XCBuildConfiguration;
			buildSettings = {
				ASSETCATALOG_COMPILER_APPICON_NAME = AppIcon;
				ASSETCATALOG_COMPILER_GLOBAL_ACCENT_COLOR_NAME = AccentColor;
				CODE_SIGN_STYLE = Automatic;
				CURRENT_PROJECT_VERSION = 1;
				GENERATE_INFOPLIST_FILE = YES;
				INFOPLIST_FILE = "单例传值/Info.plist";
				INFOPLIST_KEY_UIApplicationSupportsIndirectInputEvents = YES;
				INFOPLIST_KEY_UILaunchStoryboardName = LaunchScreen;
				INFOPLIST_KEY_UIMainStoryboardFile = Main;
				INFOPLIST_KEY_UISupportedInterfaceOrientations_iPad = "UIInterfaceOrientationPortrait UIInterfaceOrientationPortraitUpsideDown UIInterfaceOrientationLandscapeLeft UIInterfaceOrientationLandscapeRight";
				INFOPLIST_KEY_UISupportedInterfaceOrientations_iPhone = "UIInterfaceOrientationPortrait UIInterfaceOrientationLandscapeLeft UIInterfaceOrientationLandscapeRight";
				LD_RUNPATH_SEARCH_PATHS = (
					"$(inherited)",
					"@executable_path/Frameworks",
				);
				MARKETING_VERSION = 1.0;
				PRODUCT_BUNDLE_IDENTIFIER = "yusongmin.----";
				PRODUCT_NAME = "$(TARGET_NAME)";
				SWIFT_EMIT_LOC_STRINGS = YES;
				TARGETED_DEVICE_FAMILY = "1,2";
			};
			name = Release;
		};
		A3B895752C8811FC00E35443 /* Debug */ = {
			isa = XCBuildConfiguration;
			buildSettings = {
				BUNDLE_LOADER = "$(TEST_HOST)";
				CODE_SIGN_STYLE = Automatic;
				CURRENT_PROJECT_VERSION = 1;
				GENERATE_INFOPLIST_FILE = YES;
				IPHONEOS_DEPLOYMENT_TARGET = 17.5;
				MARKETING_VERSION = 1.0;
				PRODUCT_BUNDLE_IDENTIFIER = "yusongmin.----Tests";
				PRODUCT_NAME = "$(TARGET_NAME)";
				SWIFT_EMIT_LOC_STRINGS = NO;
				TARGETED_DEVICE_FAMILY = "1,2";
				TEST_HOST = "$(BUILT_PRODUCTS_DIR)/单例传值.app/$(BUNDLE_EXECUTABLE_FOLDER_PATH)/单例传值";
			};
			name = Debug;
		};
		A3B895762C8811FC00E35443 /* Release */ = {
			isa = XCBuildConfiguration;
			buildSettings = {
				BUNDLE_LOADER = "$(TEST_HOST)";
				CODE_SIGN_STYLE = Automatic;
				CURRENT_PROJECT_VERSION = 1;
				GENERATE_INFOPLIST_FILE = YES;
				IPHONEOS_DEPLOYMENT_TARGET = 17.5;
				MARKETING_VERSION = 1.0;
				PRODUCT_BUNDLE_IDENTIFIER = "yusongmin.----Tests";
				PRODUCT_NAME = "$(TARGET_NAME)";
				SWIFT_EMIT_LOC_STRINGS = NO;
				TARGETED_DEVICE_FAMILY = "1,2";
				TEST_HOST = "$(BUILT_PRODUCTS_DIR)/单例传值.app/$(BUNDLE_EXECUTABLE_FOLDER_PATH)/单例传值";
			};
			name = Release;
		};
		A3B895782C8811FC00E35443 /* Debug */ = {
			isa = XCBuildConfiguration;
			buildSettings = {
				CODE_SIGN_STYLE = Automatic;
				CURRENT_PROJECT_VERSION = 1;
				GENERATE_INFOPLIST_FILE = YES;
				MARKETING_VERSION = 1.0;
				PRODUCT_BUNDLE_IDENTIFIER = "yusongmin.----UITests";
				PRODUCT_NAME = "$(TARGET_NAME)";
				SWIFT_EMIT_LOC_STRINGS = NO;
				TARGETED_DEVICE_FAMILY = "1,2";
				TEST_TARGET_NAME = "单例传值";
			};
			name = Debug;
		};
		A3B895792C8811FC00E35443 /* Release */ = {
			isa = XCBuildConfiguration;
			buildSettings = {
				CODE_SIGN_STYLE = Automatic;
				CURRENT_PROJECT_VERSION = 1;
				GENERATE_INFOPLIST_FILE = YES;
				MARKETING_VERSION = 1.0;
				PRODUCT_BUNDLE_IDENTIFIER = "yusongmin.----UITests";
				PRODUCT_NAME = "$(TARGET_NAME)";
				SWIFT_EMIT_LOC_STRINGS = NO;
				TARGETED_DEVICE_FAMILY = "1,2";
				TEST_TARGET_NAME = "单例传值";
			};
			name = Release;
		};
/* End XCBuildConfiguration section */

/* Begin XCConfigurationList section */
		A3B8953D2C8811FA00E35443 /* Build configuration list for PBXProject "单例传值" */ = {
			isa = XCConfigurationList;
			buildConfigurations = (
				A3B8956F2C8811FC00E35443 /* Debug */,
				A3B895702C8811FC00E35443 /* Release */,
			);
			defaultConfigurationIsVisible = 0;
			defaultConfigurationName = Release;
		};
		A3B895712C8811FC00E35443 /* Build configuration list for PBXNativeTarget "单例传值" */ = {
			isa = XCConfigurationList;
			buildConfigurations = (
				A3B895722C8811FC00E35443 /* Debug */,
				A3B895732C8811FC00E35443 /* Release */,
			);
			defaultConfigurationIsVisible = 0;
			defaultConfigurationName = Release;
		};
		A3B895742C8811FC00E35443 /* Build configuration list for PBXNativeTarget "单例传值Tests" */ = {
			isa = XCConfigurationList;
			buildConfigurations = (
				A3B895752C8811FC00E35443 /* Debug */,
				A3B895762C8811FC00E35443 /* Release */,
			);
			defaultConfigurationIsVisible = 0;
			defaultConfigurationName = Release;
		};
		A3B895772C8811FC00E35443 /* Build configuration list for PBXNativeTarget "单例传值UITests" */ = {
			isa = XCConfigurationList;
			buildConfigurations = (
				A3B895782C8811FC00E35443 /* Debug */,
				A3B895792C8811FC00E35443 /* Release */,
			);
			defaultConfigurationIsVisible = 0;
			defaultConfigurationName = Release;
		};
/* End XCConfigurationList section */
	};
	rootObject = A3B8953A2C8811FA00E35443 /* Project object */;
}
