// !$*UTF8*$!
{
	archiveVersion = 1;
	classes = {
	};
	objectVersion = 56;
	objects = {

/* Begin PBXBuildFile section */
		A3B325742C8595C6006DDE29 /* AppDelegate.m in Sources */ = {isa = PBXBuildFile; fileRef = A3B325732C8595C6006DDE29 /* AppDelegate.m */; };
		A3B325772C8595C6006DDE29 /* SceneDelegate.m in Sources */ = {isa = PBXBuildFile; fileRef = A3B325762C8595C6006DDE29 /* SceneDelegate.m */; };
		A3B3257A2C8595C6006DDE29 /* ViewController.m in Sources */ = {isa = PBXBuildFile; fileRef = A3B325792C8595C6006DDE29 /* ViewController.m */; };
		A3B3257D2C8595C6006DDE29 /* Base in Resources */ = {isa = PBXBuildFile; fileRef = A3B3257C2C8595C6006DDE29 /* Base */; };
		A3B3257F2C8595C7006DDE29 /* Assets.xcassets in Resources */ = {isa = PBXBuildFile; fileRef = A3B3257E2C8595C7006DDE29 /* Assets.xcassets */; };
		A3B325822C8595C7006DDE29 /* Base in Resources */ = {isa = PBXBuildFile; fileRef = A3B325812C8595C7006DDE29 /* Base */; };
		A3B325852C8595C7006DDE29 /* main.m in Sources */ = {isa = PBXBuildFile; fileRef = A3B325842C8595C7006DDE29 /* main.m */; };
		A3B3258F2C8595C8006DDE29 /* calculator_addTests.m in Sources */ = {isa = PBXBuildFile; fileRef = A3B3258E2C8595C8006DDE29 /* calculator_addTests.m */; };
		A3B325992C8595C8006DDE29 /* calculator_addUITests.m in Sources */ = {isa = PBXBuildFile; fileRef = A3B325982C8595C8006DDE29 /* calculator_addUITests.m */; };
		A3B3259B2C8595C8006DDE29 /* calculator_addUITestsLaunchTests.m in Sources */ = {isa = PBXBuildFile; fileRef = A3B3259A2C8595C8006DDE29 /* calculator_addUITestsLaunchTests.m */; };
/* End PBXBuildFile section */

/* Begin PBXContainerItemProxy section */
		A3B3258B2C8595C8006DDE29 /* PBXContainerItemProxy */ = {
			isa = PBXContainerItemProxy;
			containerPortal = A3B325672C8595C6006DDE29 /* Project object */;
			proxyType = 1;
			remoteGlobalIDString = A3B3256E2C8595C6006DDE29;
			remoteInfo = "calculator-add";
		};
		A3B325952C8595C8006DDE29 /* PBXContainerItemProxy */ = {
			isa = PBXContainerItemProxy;
			containerPortal = A3B325672C8595C6006DDE29 /* Project object */;
			proxyType = 1;
			remoteGlobalIDString = A3B3256E2C8595C6006DDE29;
			remoteInfo = "calculator-add";
		};
/* End PBXContainerItemProxy section */

/* Begin PBXFileReference section */
		A3B3256F2C8595C6006DDE29 /* calculator-add.app */ = {isa = PBXFileReference; explicitFileType = wrapper.application; includeInIndex = 0; path = "calculator-add.app"; sourceTree = BUILT_PRODUCTS_DIR; };
		A3B325722C8595C6006DDE29 /* AppDelegate.h */ = {isa = PBXFileReference; lastKnownFileType = sourcecode.c.h; path = AppDelegate.h; sourceTree = "<group>"; };
		A3B325732C8595C6006DDE29 /* AppDelegate.m */ = {isa = PBXFileReference; lastKnownFileType = sourcecode.c.objc; path = AppDelegate.m; sourceTree = "<group>"; };
		A3B325752C8595C6006DDE29 /* SceneDelegate.h */ = {isa = PBXFileReference; lastKnownFileType = sourcecode.c.h; path = SceneDelegate.h; sourceTree = "<group>"; };
		A3B325762C8595C6006DDE29 /* SceneDelegate.m */ = {isa = PBXFileReference; lastKnownFileType = sourcecode.c.objc; path = SceneDelegate.m; sourceTree = "<group>"; };
		A3B325782C8595C6006DDE29 /* ViewController.h */ = {isa = PBXFileReference; lastKnownFileType = sourcecode.c.h; path = ViewController.h; sourceTree = "<group>"; };
		A3B325792C8595C6006DDE29 /* ViewController.m */ = {isa = PBXFileReference; lastKnownFileType = sourcecode.c.objc; path = ViewController.m; sourceTree = "<group>"; };
		A3B3257C2C8595C6006DDE29 /* Base */ = {isa = PBXFileReference; lastKnownFileType = file.storyboard; name = Base; path = Base.lproj/Main.storyboard; sourceTree = "<group>"; };
		A3B3257E2C8595C7006DDE29 /* Assets.xcassets */ = {isa = PBXFileReference; lastKnownFileType = folder.assetcatalog; path = Assets.xcassets; sourceTree = "<group>"; };
		A3B325812C8595C7006DDE29 /* Base */ = {isa = PBXFileReference; lastKnownFileType = file.storyboard; name = Base; path = Base.lproj/LaunchScreen.storyboard; sourceTree = "<group>"; };
		A3B325832C8595C7006DDE29 /* Info.plist */ = {isa = PBXFileReference; lastKnownFileType = text.plist.xml; path = Info.plist; sourceTree = "<group>"; };
		A3B325842C8595C7006DDE29 /* main.m */ = {isa = PBXFileReference; lastKnownFileType = sourcecode.c.objc; path = main.m; sourceTree = "<group>"; };
		A3B3258A2C8595C8006DDE29 /* calculator-addTests.xctest */ = {isa = PBXFileReference; explicitFileType = wrapper.cfbundle; includeInIndex = 0; path = "calculator-addTests.xctest"; sourceTree = BUILT_PRODUCTS_DIR; };
		A3B3258E2C8595C8006DDE29 /* calculator_addTests.m */ = {isa = PBXFileReference; lastKnownFileType = sourcecode.c.objc; path = calculator_addTests.m; sourceTree = "<group>"; };
		A3B325942C8595C8006DDE29 /* calculator-addUITests.xctest */ = {isa = PBXFileReference; explicitFileType = wrapper.cfbundle; includeInIndex = 0; path = "calculator-addUITests.xctest"; sourceTree = BUILT_PRODUCTS_DIR; };
		A3B325982C8595C8006DDE29 /* calculator_addUITests.m */ = {isa = PBXFileReference; lastKnownFileType = sourcecode.c.objc; path = calculator_addUITests.m; sourceTree = "<group>"; };
		A3B3259A2C8595C8006DDE29 /* calculator_addUITestsLaunchTests.m */ = {isa = PBXFileReference; lastKnownFileType = sourcecode.c.objc; path = calculator_addUITestsLaunchTests.m; sourceTree = "<group>"; };
/* End PBXFileReference section */

/* Begin PBXFrameworksBuildPhase section */
		A3B3256C2C8595C6006DDE29 /* Frameworks */ = {
			isa = PBXFrameworksBuildPhase;
			buildActionMask = 2147483647;
			files = (
			);
			runOnlyForDeploymentPostprocessing = 0;
		};
		A3B325872C8595C8006DDE29 /* Frameworks */ = {
			isa = PBXFrameworksBuildPhase;
			buildActionMask = 2147483647;
			files = (
			);
			runOnlyForDeploymentPostprocessing = 0;
		};
		A3B325912C8595C8006DDE29 /* Frameworks */ = {
			isa = PBXFrameworksBuildPhase;
			buildActionMask = 2147483647;
			files = (
			);
			runOnlyForDeploymentPostprocessing = 0;
		};
/* End PBXFrameworksBuildPhase section */

/* Begin PBXGroup section */
		A3B325662C8595C6006DDE29 = {
			isa = PBXGroup;
			children = (
				A3B325712C8595C6006DDE29 /* calculator-add */,
				A3B3258D2C8595C8006DDE29 /* calculator-addTests */,
				A3B325972C8595C8006DDE29 /* calculator-addUITests */,
				A3B325702C8595C6006DDE29 /* Products */,
			);
			sourceTree = "<group>";
		};
		A3B325702C8595C6006DDE29 /* Products */ = {
			isa = PBXGroup;
			children = (
				A3B3256F2C8595C6006DDE29 /* calculator-add.app */,
				A3B3258A2C8595C8006DDE29 /* calculator-addTests.xctest */,
				A3B325942C8595C8006DDE29 /* calculator-addUITests.xctest */,
			);
			name = Products;
			sourceTree = "<group>";
		};
		A3B325712C8595C6006DDE29 /* calculator-add */ = {
			isa = PBXGroup;
			children = (
				A3B325722C8595C6006DDE29 /* AppDelegate.h */,
				A3B325732C8595C6006DDE29 /* AppDelegate.m */,
				A3B325752C8595C6006DDE29 /* SceneDelegate.h */,
				A3B325762C8595C6006DDE29 /* SceneDelegate.m */,
				A3B325782C8595C6006DDE29 /* ViewController.h */,
				A3B325792C8595C6006DDE29 /* ViewController.m */,
				A3B3257B2C8595C6006DDE29 /* Main.storyboard */,
				A3B3257E2C8595C7006DDE29 /* Assets.xcassets */,
				A3B325802C8595C7006DDE29 /* LaunchScreen.storyboard */,
				A3B325832C8595C7006DDE29 /* Info.plist */,
				A3B325842C8595C7006DDE29 /* main.m */,
			);
			path = "calculator-add";
			sourceTree = "<group>";
		};
		A3B3258D2C8595C8006DDE29 /* calculator-addTests */ = {
			isa = PBXGroup;
			children = (
				A3B3258E2C8595C8006DDE29 /* calculator_addTests.m */,
			);
			path = "calculator-addTests";
			sourceTree = "<group>";
		};
		A3B325972C8595C8006DDE29 /* calculator-addUITests */ = {
			isa = PBXGroup;
			children = (
				A3B325982C8595C8006DDE29 /* calculator_addUITests.m */,
				A3B3259A2C8595C8006DDE29 /* calculator_addUITestsLaunchTests.m */,
			);
			path = "calculator-addUITests";
			sourceTree = "<group>";
		};
/* End PBXGroup section */

/* Begin PBXNativeTarget section */
		A3B3256E2C8595C6006DDE29 /* calculator-add */ = {
			isa = PBXNativeTarget;
			buildConfigurationList = A3B3259E2C8595C8006DDE29 /* Build configuration list for PBXNativeTarget "calculator-add" */;
			buildPhases = (
				A3B3256B2C8595C6006DDE29 /* Sources */,
				A3B3256C2C8595C6006DDE29 /* Frameworks */,
				A3B3256D2C8595C6006DDE29 /* Resources */,
			);
			buildRules = (
			);
			dependencies = (
			);
			name = "calculator-add";
			productName = "calculator-add";
			productReference = A3B3256F2C8595C6006DDE29 /* calculator-add.app */;
			productType = "com.apple.product-type.application";
		};
		A3B325892C8595C8006DDE29 /* calculator-addTests */ = {
			isa = PBXNativeTarget;
			buildConfigurationList = A3B325A12C8595C8006DDE29 /* Build configuration list for PBXNativeTarget "calculator-addTests" */;
			buildPhases = (
				A3B325862C8595C8006DDE29 /* Sources */,
				A3B325872C8595C8006DDE29 /* Frameworks */,
				A3B325882C8595C8006DDE29 /* Resources */,
			);
			buildRules = (
			);
			dependencies = (
				A3B3258C2C8595C8006DDE29 /* PBXTargetDependency */,
			);
			name = "calculator-addTests";
			productName = "calculator-addTests";
			productReference = A3B3258A2C8595C8006DDE29 /* calculator-addTests.xctest */;
			productType = "com.apple.product-type.bundle.unit-test";
		};
		A3B325932C8595C8006DDE29 /* calculator-addUITests */ = {
			isa = PBXNativeTarget;
			buildConfigurationList = A3B325A42C8595C8006DDE29 /* Build configuration list for PBXNativeTarget "calculator-addUITests" */;
			buildPhases = (
				A3B325902C8595C8006DDE29 /* Sources */,
				A3B325912C8595C8006DDE29 /* Frameworks */,
				A3B325922C8595C8006DDE29 /* Resources */,
			);
			buildRules = (
			);
			dependencies = (
				A3B325962C8595C8006DDE29 /* PBXTargetDependency */,
			);
			name = "calculator-addUITests";
			productName = "calculator-addUITests";
			productReference = A3B325942C8595C8006DDE29 /* calculator-addUITests.xctest */;
			productType = "com.apple.product-type.bundle.ui-testing";
		};
/* End PBXNativeTarget section */

/* Begin PBXProject section */
		A3B325672C8595C6006DDE29 /* Project object */ = {
			isa = PBXProject;
			attributes = {
				BuildIndependentTargetsInParallel = 1;
				LastUpgradeCheck = 1540;
				TargetAttributes = {
					A3B3256E2C8595C6006DDE29 = {
						CreatedOnToolsVersion = 15.4;
					};
					A3B325892C8595C8006DDE29 = {
						CreatedOnToolsVersion = 15.4;
						TestTargetID = A3B3256E2C8595C6006DDE29;
					};
					A3B325932C8595C8006DDE29 = {
						CreatedOnToolsVersion = 15.4;
						TestTargetID = A3B3256E2C8595C6006DDE29;
					};
				};
			};
			buildConfigurationList = A3B3256A2C8595C6006DDE29 /* Build configuration list for PBXProject "calculator-add" */;
			compatibilityVersion = "Xcode 14.0";
			developmentRegion = en;
			hasScannedForEncodings = 0;
			knownRegions = (
				en,
				Base,
			);
			mainGroup = A3B325662C8595C6006DDE29;
			productRefGroup = A3B325702C8595C6006DDE29 /* Products */;
			projectDirPath = "";
			projectRoot = "";
			targets = (
				A3B3256E2C8595C6006DDE29 /* calculator-add */,
				A3B325892C8595C8006DDE29 /* calculator-addTests */,
				A3B325932C8595C8006DDE29 /* calculator-addUITests */,
			);
		};
/* End PBXProject section */

/* Begin PBXResourcesBuildPhase section */
		A3B3256D2C8595C6006DDE29 /* Resources */ = {
			isa = PBXResourcesBuildPhase;
			buildActionMask = 2147483647;
			files = (
				A3B3257F2C8595C7006DDE29 /* Assets.xcassets in Resources */,
				A3B325822C8595C7006DDE29 /* Base in Resources */,
				A3B3257D2C8595C6006DDE29 /* Base in Resources */,
			);
			runOnlyForDeploymentPostprocessing = 0;
		};
		A3B325882C8595C8006DDE29 /* Resources */ = {
			isa = PBXResourcesBuildPhase;
			buildActionMask = 2147483647;
			files = (
			);
			runOnlyForDeploymentPostprocessing = 0;
		};
		A3B325922C8595C8006DDE29 /* Resources */ = {
			isa = PBXResourcesBuildPhase;
			buildActionMask = 2147483647;
			files = (
			);
			runOnlyForDeploymentPostprocessing = 0;
		};
/* End PBXResourcesBuildPhase section */

/* Begin PBXSourcesBuildPhase section */
		A3B3256B2C8595C6006DDE29 /* Sources */ = {
			isa = PBXSourcesBuildPhase;
			buildActionMask = 2147483647;
			files = (
				A3B3257A2C8595C6006DDE29 /* ViewController.m in Sources */,
				A3B325742C8595C6006DDE29 /* AppDelegate.m in Sources */,
				A3B325852C8595C7006DDE29 /* main.m in Sources */,
				A3B325772C8595C6006DDE29 /* SceneDelegate.m in Sources */,
			);
			runOnlyForDeploymentPostprocessing = 0;
		};
		A3B325862C8595C8006DDE29 /* Sources */ = {
			isa = PBXSourcesBuildPhase;
			buildActionMask = 2147483647;
			files = (
				A3B3258F2C8595C8006DDE29 /* calculator_addTests.m in Sources */,
			);
			runOnlyForDeploymentPostprocessing = 0;
		};
		A3B325902C8595C8006DDE29 /* Sources */ = {
			isa = PBXSourcesBuildPhase;
			buildActionMask = 2147483647;
			files = (
				A3B3259B2C8595C8006DDE29 /* calculator_addUITestsLaunchTests.m in Sources */,
				A3B325992C8595C8006DDE29 /* calculator_addUITests.m in Sources */,
			);
			runOnlyForDeploymentPostprocessing = 0;
		};
/* End PBXSourcesBuildPhase section */

/* Begin PBXTargetDependency section */
		A3B3258C2C8595C8006DDE29 /* PBXTargetDependency */ = {
			isa = PBXTargetDependency;
			target = A3B3256E2C8595C6006DDE29 /* calculator-add */;
			targetProxy = A3B3258B2C8595C8006DDE29 /* PBXContainerItemProxy */;
		};
		A3B325962C8595C8006DDE29 /* PBXTargetDependency */ = {
			isa = PBXTargetDependency;
			target = A3B3256E2C8595C6006DDE29 /* calculator-add */;
			targetProxy = A3B325952C8595C8006DDE29 /* PBXContainerItemProxy */;
		};
/* End PBXTargetDependency section */

/* Begin PBXVariantGroup section */
		A3B3257B2C8595C6006DDE29 /* Main.storyboard */ = {
			isa = PBXVariantGroup;
			children = (
				A3B3257C2C8595C6006DDE29 /* Base */,
			);
			name = Main.storyboard;
			sourceTree = "<group>";
		};
		A3B325802C8595C7006DDE29 /* LaunchScreen.storyboard */ = {
			isa = PBXVariantGroup;
			children = (
				A3B325812C8595C7006DDE29 /* Base */,
			);
			name = LaunchScreen.storyboard;
			sourceTree = "<group>";
		};
/* End PBXVariantGroup section */

/* Begin XCBuildConfiguration section */
		A3B3259C2C8595C8006DDE29 /* Debug */ = {
			isa = XCBuildConfiguration;
			buildSettings = {
				ALWAYS_SEARCH_USER_PATHS = NO;
				ASSETCATALOG_COMPILER_GENERATE_SWIFT_ASSET_SYMBOL_EXTENSIONS = YES;
				CLANG_ANALYZER_NONNULL = YES;
				CLANG_ANALYZER_NUMBER_OBJECT_CONVERSION = YES_AGGRESSIVE;
				CLANG_CXX_LANGUAGE_STANDARD = "gnu++20";
				CLANG_ENABLE_MODULES = YES;
				CLANG_ENABLE_OBJC_ARC = YES;
				CLANG_ENABLE_OBJC_WEAK = YES;
				CLANG_WARN_BLOCK_CAPTURE_AUTORELEASING = YES;
				CLANG_WARN_BOOL_CONVERSION = YES;
				CLANG_WARN_COMMA = YES;
				CLANG_WARN_CONSTANT_CONVERSION = YES;
				CLANG_WARN_DEPRECATED_OBJC_IMPLEMENTATIONS = YES;
				CLANG_WARN_DIRECT_OBJC_ISA_USAGE = YES_ERROR;
				CLANG_WARN_DOCUMENTATION_COMMENTS = YES;
				CLANG_WARN_EMPTY_BODY = YES;
				CLANG_WARN_ENUM_CONVERSION = YES;
				CLANG_WARN_INFINITE_RECURSION = YES;
				CLANG_WARN_INT_CONVERSION = YES;
				CLANG_WARN_NON_LITERAL_NULL_CONVERSION = YES;
				CLANG_WARN_OBJC_IMPLICIT_RETAIN_SELF = YES;
				CLANG_WARN_OBJC_LITERAL_CONVERSION = YES;
				CLANG_WARN_OBJC_ROOT_CLASS = YES_ERROR;
				CLANG_WARN_QUOTED_INCLUDE_IN_FRAMEWORK_HEADER = YES;
				CLANG_WARN_RANGE_LOOP_ANALYSIS = YES;
				CLANG_WARN_STRICT_PROTOTYPES = YES;
				CLANG_WARN_SUSPICIOUS_MOVE = YES;
				CLANG_WARN_UNGUARDED_AVAILABILITY = YES_AGGRESSIVE;
				CLANG_WARN_UNREACHABLE_CODE = YES;
				CLANG_WARN__DUPLICATE_METHOD_MATCH = YES;
				COPY_PHASE_STRIP = NO;
				DEBUG_INFORMATION_FORMAT = dwarf;
				ENABLE_STRICT_OBJC_MSGSEND = YES;
				ENABLE_TESTABILITY = YES;
				ENABLE_USER_SCRIPT_SANDBOXING = YES;
				GCC_C_LANGUAGE_STANDARD = gnu17;
				GCC_DYNAMIC_NO_PIC = NO;
				GCC_NO_COMMON_BLOCKS = YES;
				GCC_OPTIMIZATION_LEVEL = 0;
				GCC_PREPROCESSOR_DEFINITIONS = (
					"DEBUG=1",
					"$(inherited)",
				);
				GCC_WARN_64_TO_32_BIT_CONVERSION = YES;
				GCC_WARN_ABOUT_RETURN_TYPE = YES_ERROR;
				GCC_WARN_UNDECLARED_SELECTOR = YES;
				GCC_WARN_UNINITIALIZED_AUTOS = YES_AGGRESSIVE;
				GCC_WARN_UNUSED_FUNCTION = YES;
				GCC_WARN_UNUSED_VARIABLE = YES;
				IPHONEOS_DEPLOYMENT_TARGET = 17.5;
				LOCALIZATION_PREFERS_STRING_CATALOGS = YES;
				MTL_ENABLE_DEBUG_INFO = INCLUDE_SOURCE;
				MTL_FAST_MATH = YES;
				ONLY_ACTIVE_ARCH = YES;
				SDKROOT = iphoneos;
			};
			name = Debug;
		};
		A3B3259D2C8595C8006DDE29 /* Release */ = {
			isa = XCBuildConfiguration;
			buildSettings = {
				ALWAYS_SEARCH_USER_PATHS = NO;
				ASSETCATALOG_COMPILER_GENERATE_SWIFT_ASSET_SYMBOL_EXTENSIONS = YES;
				CLANG_ANALYZER_NONNULL = YES;
				CLANG_ANALYZER_NUMBER_OBJECT_CONVERSION = YES_AGGRESSIVE;
				CLANG_CXX_LANGUAGE_STANDARD = "gnu++20";
				CLANG_ENABLE_MODULES = YES;
				CLANG_ENABLE_OBJC_ARC = YES;
				CLANG_ENABLE_OBJC_WEAK = YES;
				CLANG_WARN_BLOCK_CAPTURE_AUTORELEASING = YES;
				CLANG_WARN_BOOL_CONVERSION = YES;
				CLANG_WARN_COMMA = YES;
				CLANG_WARN_CONSTANT_CONVERSION = YES;
				CLANG_WARN_DEPRECATED_OBJC_IMPLEMENTATIONS = YES;
				CLANG_WARN_DIRECT_OBJC_ISA_USAGE = YES_ERROR;
				CLANG_WARN_DOCUMENTATION_COMMENTS = YES;
				CLANG_WARN_EMPTY_BODY = YES;
				CLANG_WARN_ENUM_CONVERSION = YES;
				CLANG_WARN_INFINITE_RECURSION = YES;
				CLANG_WARN_INT_CONVERSION = YES;
				CLANG_WARN_NON_LITERAL_NULL_CONVERSION = YES;
				CLANG_WARN_OBJC_IMPLICIT_RETAIN_SELF = YES;
				CLANG_WARN_OBJC_LITERAL_CONVERSION = YES;
				CLANG_WARN_OBJC_ROOT_CLASS = YES_ERROR;
				CLANG_WARN_QUOTED_INCLUDE_IN_FRAMEWORK_HEADER = YES;
				CLANG_WARN_RANGE_LOOP_ANALYSIS = YES;
				CLANG_WARN_STRICT_PROTOTYPES = YES;
				CLANG_WARN_SUSPICIOUS_MOVE = YES;
				CLANG_WARN_UNGUARDED_AVAILABILITY = YES_AGGRESSIVE;
				CLANG_WARN_UNREACHABLE_CODE = YES;
				CLANG_WARN__DUPLICATE_METHOD_MATCH = YES;
				COPY_PHASE_STRIP = NO;
				DEBUG_INFORMATION_FORMAT = "dwarf-with-dsym";
				ENABLE_NS_ASSERTIONS = NO;
				ENABLE_STRICT_OBJC_MSGSEND = YES;
				ENABLE_USER_SCRIPT_SANDBOXING = YES;
				GCC_C_LANGUAGE_STANDARD = gnu17;
				GCC_NO_COMMON_BLOCKS = YES;
				GCC_WARN_64_TO_32_BIT_CONVERSION = YES;
				GCC_WARN_ABOUT_RETURN_TYPE = YES_ERROR;
				GCC_WARN_UNDECLARED_SELECTOR = YES;
				GCC_WARN_UNINITIALIZED_AUTOS = YES_AGGRESSIVE;
				GCC_WARN_UNUSED_FUNCTION = YES;
				GCC_WARN_UNUSED_VARIABLE = YES;
				IPHONEOS_DEPLOYMENT_TARGET = 17.5;
				LOCALIZATION_PREFERS_STRING_CATALOGS = YES;
				MTL_ENABLE_DEBUG_INFO = NO;
				MTL_FAST_MATH = YES;
				SDKROOT = iphoneos;
				VALIDATE_PRODUCT = YES;
			};
			name = Release;
		};
		A3B3259F2C8595C8006DDE29 /* Debug */ = {
			isa = XCBuildConfiguration;
			buildSettings = {
				ASSETCATALOG_COMPILER_APPICON_NAME = AppIcon;
				ASSETCATALOG_COMPILER_GLOBAL_ACCENT_COLOR_NAME = AccentColor;
				CODE_SIGN_STYLE = Automatic;
				CURRENT_PROJECT_VERSION = 1;
				DEVELOPMENT_TEAM = 925C9626N5;
				GENERATE_INFOPLIST_FILE = YES;
				INFOPLIST_FILE = "calculator-add/Info.plist";
				INFOPLIST_KEY_UIApplicationSupportsIndirectInputEvents = YES;
				INFOPLIST_KEY_UILaunchStoryboardName = LaunchScreen;
				INFOPLIST_KEY_UIMainStoryboardFile = Main;
				INFOPLIST_KEY_UISupportedInterfaceOrientations_iPad = "UIInterfaceOrientationPortrait UIInterfaceOrientationPortraitUpsideDown UIInterfaceOrientationLandscapeLeft UIInterfaceOrientationLandscapeRight";
				INFOPLIST_KEY_UISupportedInterfaceOrientations_iPhone = "UIInterfaceOrientationPortrait UIInterfaceOrientationLandscapeLeft UIInterfaceOrientationLandscapeRight";
				LD_RUNPATH_SEARCH_PATHS = (
					"$(inherited)",
					"@executable_path/Frameworks",
				);
				MARKETING_VERSION = 1.0;
				PRODUCT_BUNDLE_IDENTIFIER = "yusongmin.calculator-add";
				PRODUCT_NAME = "$(TARGET_NAME)";
				SWIFT_EMIT_LOC_STRINGS = YES;
				TARGETED_DEVICE_FAMILY = "1,2";
			};
			name = Debug;
		};
		A3B325A02C8595C8006DDE29 /* Release */ = {
			isa = XCBuildConfiguration;
			buildSettings = {
				ASSETCATALOG_COMPILER_APPICON_NAME = AppIcon;
				ASSETCATALOG_COMPILER_GLOBAL_ACCENT_COLOR_NAME = AccentColor;
				CODE_SIGN_STYLE = Automatic;
				CURRENT_PROJECT_VERSION = 1;
				DEVELOPMENT_TEAM = 925C9626N5;
				GENERATE_INFOPLIST_FILE = YES;
				INFOPLIST_FILE = "calculator-add/Info.plist";
				INFOPLIST_KEY_UIApplicationSupportsIndirectInputEvents = YES;
				INFOPLIST_KEY_UILaunchStoryboardName = LaunchScreen;
				INFOPLIST_KEY_UIMainStoryboardFile = Main;
				INFOPLIST_KEY_UISupportedInterfaceOrientations_iPad = "UIInterfaceOrientationPortrait UIInterfaceOrientationPortraitUpsideDown UIInterfaceOrientationLandscapeLeft UIInterfaceOrientationLandscapeRight";
				INFOPLIST_KEY_UISupportedInterfaceOrientations_iPhone = "UIInterfaceOrientationPortrait UIInterfaceOrientationLandscapeLeft UIInterfaceOrientationLandscapeRight";
				LD_RUNPATH_SEARCH_PATHS = (
					"$(inherited)",
					"@executable_path/Frameworks",
				);
				MARKETING_VERSION = 1.0;
				PRODUCT_BUNDLE_IDENTIFIER = "yusongmin.calculator-add";
				PRODUCT_NAME = "$(TARGET_NAME)";
				SWIFT_EMIT_LOC_STRINGS = YES;
				TARGETED_DEVICE_FAMILY = "1,2";
			};
			name = Release;
		};
		A3B325A22C8595C8006DDE29 /* Debug */ = {
			isa = XCBuildConfiguration;
			buildSettings = {
				BUNDLE_LOADER = "$(TEST_HOST)";
				CODE_SIGN_STYLE = Automatic;
				CURRENT_PROJECT_VERSION = 1;
				GENERATE_INFOPLIST_FILE = YES;
				IPHONEOS_DEPLOYMENT_TARGET = 17.5;
				MARKETING_VERSION = 1.0;
				PRODUCT_BUNDLE_IDENTIFIER = "yusongmin.calculator-addTests";
				PRODUCT_NAME = "$(TARGET_NAME)";
				SWIFT_EMIT_LOC_STRINGS = NO;
				TARGETED_DEVICE_FAMILY = "1,2";
				TEST_HOST = "$(BUILT_PRODUCTS_DIR)/calculator-add.app/$(BUNDLE_EXECUTABLE_FOLDER_PATH)/calculator-add";
			};
			name = Debug;
		};
		A3B325A32C8595C8006DDE29 /* Release */ = {
			isa = XCBuildConfiguration;
			buildSettings = {
				BUNDLE_LOADER = "$(TEST_HOST)";
				CODE_SIGN_STYLE = Automatic;
				CURRENT_PROJECT_VERSION = 1;
				GENERATE_INFOPLIST_FILE = YES;
				IPHONEOS_DEPLOYMENT_TARGET = 17.5;
				MARKETING_VERSION = 1.0;
				PRODUCT_BUNDLE_IDENTIFIER = "yusongmin.calculator-addTests";
				PRODUCT_NAME = "$(TARGET_NAME)";
				SWIFT_EMIT_LOC_STRINGS = NO;
				TARGETED_DEVICE_FAMILY = "1,2";
				TEST_HOST = "$(BUILT_PRODUCTS_DIR)/calculator-add.app/$(BUNDLE_EXECUTABLE_FOLDER_PATH)/calculator-add";
			};
			name = Release;
		};
		A3B325A52C8595C8006DDE29 /* Debug */ = {
			isa = XCBuildConfiguration;
			buildSettings = {
				CODE_SIGN_STYLE = Automatic;
				CURRENT_PROJECT_VERSION = 1;
				GENERATE_INFOPLIST_FILE = YES;
				MARKETING_VERSION = 1.0;
				PRODUCT_BUNDLE_IDENTIFIER = "yusongmin.calculator-addUITests";
				PRODUCT_NAME = "$(TARGET_NAME)";
				SWIFT_EMIT_LOC_STRINGS = NO;
				TARGETED_DEVICE_FAMILY = "1,2";
				TEST_TARGET_NAME = "calculator-add";
			};
			name = Debug;
		};
		A3B325A62C8595C8006DDE29 /* Release */ = {
			isa = XCBuildConfiguration;
			buildSettings = {
				CODE_SIGN_STYLE = Automatic;
				CURRENT_PROJECT_VERSION = 1;
				GENERATE_INFOPLIST_FILE = YES;
				MARKETING_VERSION = 1.0;
				PRODUCT_BUNDLE_IDENTIFIER = "yusongmin.calculator-addUITests";
				PRODUCT_NAME = "$(TARGET_NAME)";
				SWIFT_EMIT_LOC_STRINGS = NO;
				TARGETED_DEVICE_FAMILY = "1,2";
				TEST_TARGET_NAME = "calculator-add";
			};
			name = Release;
		};
/* End XCBuildConfiguration section */

/* Begin XCConfigurationList section */
		A3B3256A2C8595C6006DDE29 /* Build configuration list for PBXProject "calculator-add" */ = {
			isa = XCConfigurationList;
			buildConfigurations = (
				A3B3259C2C8595C8006DDE29 /* Debug */,
				A3B3259D2C8595C8006DDE29 /* Release */,
			);
			defaultConfigurationIsVisible = 0;
			defaultConfigurationName = Release;
		};
		A3B3259E2C8595C8006DDE29 /* Build configuration list for PBXNativeTarget "calculator-add" */ = {
			isa = XCConfigurationList;
			buildConfigurations = (
				A3B3259F2C8595C8006DDE29 /* Debug */,
				A3B325A02C8595C8006DDE29 /* Release */,
			);
			defaultConfigurationIsVisible = 0;
			defaultConfigurationName = Release;
		};
		A3B325A12C8595C8006DDE29 /* Build configuration list for PBXNativeTarget "calculator-addTests" */ = {
			isa = XCConfigurationList;
			buildConfigurations = (
				A3B325A22C8595C8006DDE29 /* Debug */,
				A3B325A32C8595C8006DDE29 /* Release */,
			);
			defaultConfigurationIsVisible = 0;
			defaultConfigurationName = Release;
		};
		A3B325A42C8595C8006DDE29 /* Build configuration list for PBXNativeTarget "calculator-addUITests" */ = {
			isa = XCConfigurationList;
			buildConfigurations = (
				A3B325A52C8595C8006DDE29 /* Debug */,
				A3B325A62C8595C8006DDE29 /* Release */,
			);
			defaultConfigurationIsVisible = 0;
			defaultConfigurationName = Release;
		};
/* End XCConfigurationList section */
	};
	rootObject = A3B325672C8595C6006DDE29 /* Project object */;
}
