// !$*UTF8*$!
{
	archiveVersion = 1;
	classes = {
	};
	objectVersion = 56;
	objects = {

/* Begin PBXBuildFile section */
		A3B8959D2C89A43500E35443 /* AppDelegate.m in Sources */ = {isa = PBXBuildFile; fileRef = A3B8959C2C89A43500E35443 /* AppDelegate.m */; };
		A3B895A02C89A43500E35443 /* SceneDelegate.m in Sources */ = {isa = PBXBuildFile; fileRef = A3B8959F2C89A43500E35443 /* SceneDelegate.m */; };
		A3B895A32C89A43500E35443 /* ViewController.m in Sources */ = {isa = PBXBuildFile; fileRef = A3B895A22C89A43500E35443 /* ViewController.m */; };
		A3B895A62C89A43500E35443 /* Base in Resources */ = {isa = PBXBuildFile; fileRef = A3B895A52C89A43500E35443 /* Base */; };
		A3B895A82C89A43700E35443 /* Assets.xcassets in Resources */ = {isa = PBXBuildFile; fileRef = A3B895A72C89A43700E35443 /* Assets.xcassets */; };
		A3B895AB2C89A43700E35443 /* Base in Resources */ = {isa = PBXBuildFile; fileRef = A3B895AA2C89A43700E35443 /* Base */; };
		A3B895AE2C89A43700E35443 /* main.m in Sources */ = {isa = PBXBuildFile; fileRef = A3B895AD2C89A43700E35443 /* main.m */; };
		A3B895B82C89A43700E35443 /* _____Tests.m in Sources */ = {isa = PBXBuildFile; fileRef = A3B895B72C89A43700E35443 /* _____Tests.m */; };
		A3B895C22C89A43700E35443 /* _____UITests.m in Sources */ = {isa = PBXBuildFile; fileRef = A3B895C12C89A43700E35443 /* _____UITests.m */; };
		A3B895C42C89A43700E35443 /* _____UITestsLaunchTests.m in Sources */ = {isa = PBXBuildFile; fileRef = A3B895C32C89A43700E35443 /* _____UITestsLaunchTests.m */; };
		A3B895D22C8A9BDA00E35443 /* rootviewController.m in Sources */ = {isa = PBXBuildFile; fileRef = A3B895D12C8A9BDA00E35443 /* rootviewController.m */; };
		A3B895D52C8A9BEE00E35443 /* oneViewController.m in Sources */ = {isa = PBXBuildFile; fileRef = A3B895D42C8A9BEE00E35443 /* oneViewController.m */; };
		A3B895D82C8A9BF800E35443 /* twoViewController.m in Sources */ = {isa = PBXBuildFile; fileRef = A3B895D72C8A9BF800E35443 /* twoViewController.m */; };
		A3B895DB2C8A9BFD00E35443 /* threeViewController.m in Sources */ = {isa = PBXBuildFile; fileRef = A3B895DA2C8A9BFC00E35443 /* threeViewController.m */; };
		A3B895DE2C8A9C0200E35443 /* fourViewController.m in Sources */ = {isa = PBXBuildFile; fileRef = A3B895DD2C8A9C0200E35443 /* fourViewController.m */; };
		A3B895E12C8A9CA100E35443 /* TabbarViewController.m in Sources */ = {isa = PBXBuildFile; fileRef = A3B895E02C8A9CA100E35443 /* TabbarViewController.m */; };
/* End PBXBuildFile section */

/* Begin PBXContainerItemProxy section */
		A3B895B42C89A43700E35443 /* PBXContainerItemProxy */ = {
			isa = PBXContainerItemProxy;
			containerPortal = A3B895902C89A43500E35443 /* Project object */;
			proxyType = 1;
			remoteGlobalIDString = A3B895972C89A43500E35443;
			remoteInfo = "分栏控制器";
		};
		A3B895BE2C89A43700E35443 /* PBXContainerItemProxy */ = {
			isa = PBXContainerItemProxy;
			containerPortal = A3B895902C89A43500E35443 /* Project object */;
			proxyType = 1;
			remoteGlobalIDString = A3B895972C89A43500E35443;
			remoteInfo = "分栏控制器";
		};
/* End PBXContainerItemProxy section */

/* Begin PBXFileReference section */
		A3B895982C89A43500E35443 /* 分栏控制器.app */ = {isa = PBXFileReference; explicitFileType = wrapper.application; includeInIndex = 0; path = "分栏控制器.app"; sourceTree = BUILT_PRODUCTS_DIR; };
		A3B8959B2C89A43500E35443 /* AppDelegate.h */ = {isa = PBXFileReference; lastKnownFileType = sourcecode.c.h; path = AppDelegate.h; sourceTree = "<group>"; };
		A3B8959C2C89A43500E35443 /* AppDelegate.m */ = {isa = PBXFileReference; lastKnownFileType = sourcecode.c.objc; path = AppDelegate.m; sourceTree = "<group>"; };
		A3B8959E2C89A43500E35443 /* SceneDelegate.h */ = {isa = PBXFileReference; lastKnownFileType = sourcecode.c.h; path = SceneDelegate.h; sourceTree = "<group>"; };
		A3B8959F2C89A43500E35443 /* SceneDelegate.m */ = {isa = PBXFileReference; lastKnownFileType = sourcecode.c.objc; path = SceneDelegate.m; sourceTree = "<group>"; };
		A3B895A12C89A43500E35443 /* ViewController.h */ = {isa = PBXFileReference; lastKnownFileType = sourcecode.c.h; path = ViewController.h; sourceTree = "<group>"; };
		A3B895A22C89A43500E35443 /* ViewController.m */ = {isa = PBXFileReference; lastKnownFileType = sourcecode.c.objc; path = ViewController.m; sourceTree = "<group>"; };
		A3B895A52C89A43500E35443 /* Base */ = {isa = PBXFileReference; lastKnownFileType = file.storyboard; name = Base; path = Base.lproj/Main.storyboard; sourceTree = "<group>"; };
		A3B895A72C89A43700E35443 /* Assets.xcassets */ = {isa = PBXFileReference; lastKnownFileType = folder.assetcatalog; path = Assets.xcassets; sourceTree = "<group>"; };
		A3B895AA2C89A43700E35443 /* Base */ = {isa = PBXFileReference; lastKnownFileType = file.storyboard; name = Base; path = Base.lproj/LaunchScreen.storyboard; sourceTree = "<group>"; };
		A3B895AC2C89A43700E35443 /* Info.plist */ = {isa = PBXFileReference; lastKnownFileType = text.plist.xml; path = Info.plist; sourceTree = "<group>"; };
		A3B895AD2C89A43700E35443 /* main.m */ = {isa = PBXFileReference; lastKnownFileType = sourcecode.c.objc; path = main.m; sourceTree = "<group>"; };
		A3B895B32C89A43700E35443 /* 分栏控制器Tests.xctest */ = {isa = PBXFileReference; explicitFileType = wrapper.cfbundle; includeInIndex = 0; path = "分栏控制器Tests.xctest"; sourceTree = BUILT_PRODUCTS_DIR; };
		A3B895B72C89A43700E35443 /* _____Tests.m */ = {isa = PBXFileReference; lastKnownFileType = sourcecode.c.objc; path = "_____Tests.m"; sourceTree = "<group>"; };
		A3B895BD2C89A43700E35443 /* 分栏控制器UITests.xctest */ = {isa = PBXFileReference; explicitFileType = wrapper.cfbundle; includeInIndex = 0; path = "分栏控制器UITests.xctest"; sourceTree = BUILT_PRODUCTS_DIR; };
		A3B895C12C89A43700E35443 /* _____UITests.m */ = {isa = PBXFileReference; lastKnownFileType = sourcecode.c.objc; path = "_____UITests.m"; sourceTree = "<group>"; };
		A3B895C32C89A43700E35443 /* _____UITestsLaunchTests.m */ = {isa = PBXFileReference; lastKnownFileType = sourcecode.c.objc; path = "_____UITestsLaunchTests.m"; sourceTree = "<group>"; };
		A3B895D02C8A9BDA00E35443 /* rootviewController.h */ = {isa = PBXFileReference; lastKnownFileType = sourcecode.c.h; path = rootviewController.h; sourceTree = "<group>"; };
		A3B895D12C8A9BDA00E35443 /* rootviewController.m */ = {isa = PBXFileReference; lastKnownFileType = sourcecode.c.objc; path = rootviewController.m; sourceTree = "<group>"; };
		A3B895D32C8A9BEE00E35443 /* oneViewController.h */ = {isa = PBXFileReference; lastKnownFileType = sourcecode.c.h; path = oneViewController.h; sourceTree = "<group>"; };
		A3B895D42C8A9BEE00E35443 /* oneViewController.m */ = {isa = PBXFileReference; lastKnownFileType = sourcecode.c.objc; path = oneViewController.m; sourceTree = "<group>"; };
		A3B895D62C8A9BF800E35443 /* twoViewController.h */ = {isa = PBXFileReference; lastKnownFileType = sourcecode.c.h; path = twoViewController.h; sourceTree = "<group>"; };
		A3B895D72C8A9BF800E35443 /* twoViewController.m */ = {isa = PBXFileReference; lastKnownFileType = sourcecode.c.objc; path = twoViewController.m; sourceTree = "<group>"; };
		A3B895D92C8A9BFC00E35443 /* threeViewController.h */ = {isa = PBXFileReference; lastKnownFileType = sourcecode.c.h; path = threeViewController.h; sourceTree = "<group>"; };
		A3B895DA2C8A9BFC00E35443 /* threeViewController.m */ = {isa = PBXFileReference; lastKnownFileType = sourcecode.c.objc; path = threeViewController.m; sourceTree = "<group>"; };
		A3B895DC2C8A9C0200E35443 /* fourViewController.h */ = {isa = PBXFileReference; lastKnownFileType = sourcecode.c.h; path = fourViewController.h; sourceTree = "<group>"; };
		A3B895DD2C8A9C0200E35443 /* fourViewController.m */ = {isa = PBXFileReference; lastKnownFileType = sourcecode.c.objc; path = fourViewController.m; sourceTree = "<group>"; };
		A3B895DF2C8A9CA100E35443 /* TabbarViewController.h */ = {isa = PBXFileReference; lastKnownFileType = sourcecode.c.h; path = TabbarViewController.h; sourceTree = "<group>"; };
		A3B895E02C8A9CA100E35443 /* TabbarViewController.m */ = {isa = PBXFileReference; lastKnownFileType = sourcecode.c.objc; path = TabbarViewController.m; sourceTree = "<group>"; };
/* End PBXFileReference section */

/* Begin PBXFrameworksBuildPhase section */
		A3B895952C89A43500E35443 /* Frameworks */ = {
			isa = PBXFrameworksBuildPhase;
			buildActionMask = 2147483647;
			files = (
			);
			runOnlyForDeploymentPostprocessing = 0;
		};
		A3B895B02C89A43700E35443 /* Frameworks */ = {
			isa = PBXFrameworksBuildPhase;
			buildActionMask = 2147483647;
			files = (
			);
			runOnlyForDeploymentPostprocessing = 0;
		};
		A3B895BA2C89A43700E35443 /* Frameworks */ = {
			isa = PBXFrameworksBuildPhase;
			buildActionMask = 2147483647;
			files = (
			);
			runOnlyForDeploymentPostprocessing = 0;
		};
/* End PBXFrameworksBuildPhase section */

/* Begin PBXGroup section */
		A3B8958F2C89A43500E35443 = {
			isa = PBXGroup;
			children = (
				A3B8959A2C89A43500E35443 /* 分栏控制器 */,
				A3B895B62C89A43700E35443 /* 分栏控制器Tests */,
				A3B895C02C89A43700E35443 /* 分栏控制器UITests */,
				A3B895992C89A43500E35443 /* Products */,
			);
			sourceTree = "<group>";
		};
		A3B895992C89A43500E35443 /* Products */ = {
			isa = PBXGroup;
			children = (
				A3B895982C89A43500E35443 /* 分栏控制器.app */,
				A3B895B32C89A43700E35443 /* 分栏控制器Tests.xctest */,
				A3B895BD2C89A43700E35443 /* 分栏控制器UITests.xctest */,
			);
			name = Products;
			sourceTree = "<group>";
		};
		A3B8959A2C89A43500E35443 /* 分栏控制器 */ = {
			isa = PBXGroup;
			children = (
				A3B8959B2C89A43500E35443 /* AppDelegate.h */,
				A3B8959C2C89A43500E35443 /* AppDelegate.m */,
				A3B8959E2C89A43500E35443 /* SceneDelegate.h */,
				A3B8959F2C89A43500E35443 /* SceneDelegate.m */,
				A3B895DF2C8A9CA100E35443 /* TabbarViewController.h */,
				A3B895E02C8A9CA100E35443 /* TabbarViewController.m */,
				A3B895D02C8A9BDA00E35443 /* rootviewController.h */,
				A3B895D12C8A9BDA00E35443 /* rootviewController.m */,
				A3B895D32C8A9BEE00E35443 /* oneViewController.h */,
				A3B895D42C8A9BEE00E35443 /* oneViewController.m */,
				A3B895A12C89A43500E35443 /* ViewController.h */,
				A3B895A22C89A43500E35443 /* ViewController.m */,
				A3B895D62C8A9BF800E35443 /* twoViewController.h */,
				A3B895D72C8A9BF800E35443 /* twoViewController.m */,
				A3B895D92C8A9BFC00E35443 /* threeViewController.h */,
				A3B895DA2C8A9BFC00E35443 /* threeViewController.m */,
				A3B895DC2C8A9C0200E35443 /* fourViewController.h */,
				A3B895DD2C8A9C0200E35443 /* fourViewController.m */,
				A3B895A42C89A43500E35443 /* Main.storyboard */,
				A3B895A72C89A43700E35443 /* Assets.xcassets */,
				A3B895A92C89A43700E35443 /* LaunchScreen.storyboard */,
				A3B895AC2C89A43700E35443 /* Info.plist */,
				A3B895AD2C89A43700E35443 /* main.m */,
			);
			path = "分栏控制器";
			sourceTree = "<group>";
		};
		A3B895B62C89A43700E35443 /* 分栏控制器Tests */ = {
			isa = PBXGroup;
			children = (
				A3B895B72C89A43700E35443 /* _____Tests.m */,
			);
			path = "分栏控制器Tests";
			sourceTree = "<group>";
		};
		A3B895C02C89A43700E35443 /* 分栏控制器UITests */ = {
			isa = PBXGroup;
			children = (
				A3B895C12C89A43700E35443 /* _____UITests.m */,
				A3B895C32C89A43700E35443 /* _____UITestsLaunchTests.m */,
			);
			path = "分栏控制器UITests";
			sourceTree = "<group>";
		};
/* End PBXGroup section */

/* Begin PBXNativeTarget section */
		A3B895972C89A43500E35443 /* 分栏控制器 */ = {
			isa = PBXNativeTarget;
			buildConfigurationList = A3B895C72C89A43700E35443 /* Build configuration list for PBXNativeTarget "分栏控制器" */;
			buildPhases = (
				A3B895942C89A43500E35443 /* Sources */,
				A3B895952C89A43500E35443 /* Frameworks */,
				A3B895962C89A43500E35443 /* Resources */,
			);
			buildRules = (
			);
			dependencies = (
			);
			name = "分栏控制器";
			productName = "分栏控制器";
			productReference = A3B895982C89A43500E35443 /* 分栏控制器.app */;
			productType = "com.apple.product-type.application";
		};
		A3B895B22C89A43700E35443 /* 分栏控制器Tests */ = {
			isa = PBXNativeTarget;
			buildConfigurationList = A3B895CA2C89A43700E35443 /* Build configuration list for PBXNativeTarget "分栏控制器Tests" */;
			buildPhases = (
				A3B895AF2C89A43700E35443 /* Sources */,
				A3B895B02C89A43700E35443 /* Frameworks */,
				A3B895B12C89A43700E35443 /* Resources */,
			);
			buildRules = (
			);
			dependencies = (
				A3B895B52C89A43700E35443 /* PBXTargetDependency */,
			);
			name = "分栏控制器Tests";
			productName = "分栏控制器Tests";
			productReference = A3B895B32C89A43700E35443 /* 分栏控制器Tests.xctest */;
			productType = "com.apple.product-type.bundle.unit-test";
		};
		A3B895BC2C89A43700E35443 /* 分栏控制器UITests */ = {
			isa = PBXNativeTarget;
			buildConfigurationList = A3B895CD2C89A43700E35443 /* Build configuration list for PBXNativeTarget "分栏控制器UITests" */;
			buildPhases = (
				A3B895B92C89A43700E35443 /* Sources */,
				A3B895BA2C89A43700E35443 /* Frameworks */,
				A3B895BB2C89A43700E35443 /* Resources */,
			);
			buildRules = (
			);
			dependencies = (
				A3B895BF2C89A43700E35443 /* PBXTargetDependency */,
			);
			name = "分栏控制器UITests";
			productName = "分栏控制器UITests";
			productReference = A3B895BD2C89A43700E35443 /* 分栏控制器UITests.xctest */;
			productType = "com.apple.product-type.bundle.ui-testing";
		};
/* End PBXNativeTarget section */

/* Begin PBXProject section */
		A3B895902C89A43500E35443 /* Project object */ = {
			isa = PBXProject;
			attributes = {
				BuildIndependentTargetsInParallel = 1;
				LastUpgradeCheck = 1540;
				TargetAttributes = {
					A3B895972C89A43500E35443 = {
						CreatedOnToolsVersion = 15.4;
					};
					A3B895B22C89A43700E35443 = {
						CreatedOnToolsVersion = 15.4;
						TestTargetID = A3B895972C89A43500E35443;
					};
					A3B895BC2C89A43700E35443 = {
						CreatedOnToolsVersion = 15.4;
						TestTargetID = A3B895972C89A43500E35443;
					};
				};
			};
			buildConfigurationList = A3B895932C89A43500E35443 /* Build configuration list for PBXProject "分栏控制器" */;
			compatibilityVersion = "Xcode 14.0";
			developmentRegion = en;
			hasScannedForEncodings = 0;
			knownRegions = (
				en,
				Base,
			);
			mainGroup = A3B8958F2C89A43500E35443;
			productRefGroup = A3B895992C89A43500E35443 /* Products */;
			projectDirPath = "";
			projectRoot = "";
			targets = (
				A3B895972C89A43500E35443 /* 分栏控制器 */,
				A3B895B22C89A43700E35443 /* 分栏控制器Tests */,
				A3B895BC2C89A43700E35443 /* 分栏控制器UITests */,
			);
		};
/* End PBXProject section */

/* Begin PBXResourcesBuildPhase section */
		A3B895962C89A43500E35443 /* Resources */ = {
			isa = PBXResourcesBuildPhase;
			buildActionMask = 2147483647;
			files = (
				A3B895A82C89A43700E35443 /* Assets.xcassets in Resources */,
				A3B895AB2C89A43700E35443 /* Base in Resources */,
				A3B895A62C89A43500E35443 /* Base in Resources */,
			);
			runOnlyForDeploymentPostprocessing = 0;
		};
		A3B895B12C89A43700E35443 /* Resources */ = {
			isa = PBXResourcesBuildPhase;
			buildActionMask = 2147483647;
			files = (
			);
			runOnlyForDeploymentPostprocessing = 0;
		};
		A3B895BB2C89A43700E35443 /* Resources */ = {
			isa = PBXResourcesBuildPhase;
			buildActionMask = 2147483647;
			files = (
			);
			runOnlyForDeploymentPostprocessing = 0;
		};
/* End PBXResourcesBuildPhase section */

/* Begin PBXSourcesBuildPhase section */
		A3B895942C89A43500E35443 /* Sources */ = {
			isa = PBXSourcesBuildPhase;
			buildActionMask = 2147483647;
			files = (
				A3B895E12C8A9CA100E35443 /* TabbarViewController.m in Sources */,
				A3B895D82C8A9BF800E35443 /* twoViewController.m in Sources */,
				A3B895D22C8A9BDA00E35443 /* rootviewController.m in Sources */,
				A3B895A32C89A43500E35443 /* ViewController.m in Sources */,
				A3B8959D2C89A43500E35443 /* AppDelegate.m in Sources */,
				A3B895AE2C89A43700E35443 /* main.m in Sources */,
				A3B895DE2C8A9C0200E35443 /* fourViewController.m in Sources */,
				A3B895A02C89A43500E35443 /* SceneDelegate.m in Sources */,
				A3B895D52C8A9BEE00E35443 /* oneViewController.m in Sources */,
				A3B895DB2C8A9BFD00E35443 /* threeViewController.m in Sources */,
			);
			runOnlyForDeploymentPostprocessing = 0;
		};
		A3B895AF2C89A43700E35443 /* Sources */ = {
			isa = PBXSourcesBuildPhase;
			buildActionMask = 2147483647;
			files = (
				A3B895B82C89A43700E35443 /* _____Tests.m in Sources */,
			);
			runOnlyForDeploymentPostprocessing = 0;
		};
		A3B895B92C89A43700E35443 /* Sources */ = {
			isa = PBXSourcesBuildPhase;
			buildActionMask = 2147483647;
			files = (
				A3B895C42C89A43700E35443 /* _____UITestsLaunchTests.m in Sources */,
				A3B895C22C89A43700E35443 /* _____UITests.m in Sources */,
			);
			runOnlyForDeploymentPostprocessing = 0;
		};
/* End PBXSourcesBuildPhase section */

/* Begin PBXTargetDependency section */
		A3B895B52C89A43700E35443 /* PBXTargetDependency */ = {
			isa = PBXTargetDependency;
			target = A3B895972C89A43500E35443 /* 分栏控制器 */;
			targetProxy = A3B895B42C89A43700E35443 /* PBXContainerItemProxy */;
		};
		A3B895BF2C89A43700E35443 /* PBXTargetDependency */ = {
			isa = PBXTargetDependency;
			target = A3B895972C89A43500E35443 /* 分栏控制器 */;
			targetProxy = A3B895BE2C89A43700E35443 /* PBXContainerItemProxy */;
		};
/* End PBXTargetDependency section */

/* Begin PBXVariantGroup section */
		A3B895A42C89A43500E35443 /* Main.storyboard */ = {
			isa = PBXVariantGroup;
			children = (
				A3B895A52C89A43500E35443 /* Base */,
			);
			name = Main.storyboard;
			sourceTree = "<group>";
		};
		A3B895A92C89A43700E35443 /* LaunchScreen.storyboard */ = {
			isa = PBXVariantGroup;
			children = (
				A3B895AA2C89A43700E35443 /* Base */,
			);
			name = LaunchScreen.storyboard;
			sourceTree = "<group>";
		};
/* End PBXVariantGroup section */

/* Begin XCBuildConfiguration section */
		A3B895C52C89A43700E35443 /* Debug */ = {
			isa = XCBuildConfiguration;
			buildSettings = {
				ALWAYS_SEARCH_USER_PATHS = NO;
				ASSETCATALOG_COMPILER_GENERATE_SWIFT_ASSET_SYMBOL_EXTENSIONS = YES;
				CLANG_ANALYZER_NONNULL = YES;
				CLANG_ANALYZER_NUMBER_OBJECT_CONVERSION = YES_AGGRESSIVE;
				CLANG_CXX_LANGUAGE_STANDARD = "gnu++20";
				CLANG_ENABLE_MODULES = YES;
				CLANG_ENABLE_OBJC_ARC = YES;
				CLANG_ENABLE_OBJC_WEAK = YES;
				CLANG_WARN_BLOCK_CAPTURE_AUTORELEASING = YES;
				CLANG_WARN_BOOL_CONVERSION = YES;
				CLANG_WARN_COMMA = YES;
				CLANG_WARN_CONSTANT_CONVERSION = YES;
				CLANG_WARN_DEPRECATED_OBJC_IMPLEMENTATIONS = YES;
				CLANG_WARN_DIRECT_OBJC_ISA_USAGE = YES_ERROR;
				CLANG_WARN_DOCUMENTATION_COMMENTS = YES;
				CLANG_WARN_EMPTY_BODY = YES;
				CLANG_WARN_ENUM_CONVERSION = YES;
				CLANG_WARN_INFINITE_RECURSION = YES;
				CLANG_WARN_INT_CONVERSION = YES;
				CLANG_WARN_NON_LITERAL_NULL_CONVERSION = YES;
				CLANG_WARN_OBJC_IMPLICIT_RETAIN_SELF = YES;
				CLANG_WARN_OBJC_LITERAL_CONVERSION = YES;
				CLANG_WARN_OBJC_ROOT_CLASS = YES_ERROR;
				CLANG_WARN_QUOTED_INCLUDE_IN_FRAMEWORK_HEADER = YES;
				CLANG_WARN_RANGE_LOOP_ANALYSIS = YES;
				CLANG_WARN_STRICT_PROTOTYPES = YES;
				CLANG_WARN_SUSPICIOUS_MOVE = YES;
				CLANG_WARN_UNGUARDED_AVAILABILITY = YES_AGGRESSIVE;
				CLANG_WARN_UNREACHABLE_CODE = YES;
				CLANG_WARN__DUPLICATE_METHOD_MATCH = YES;
				COPY_PHASE_STRIP = NO;
				DEBUG_INFORMATION_FORMAT = dwarf;
				ENABLE_STRICT_OBJC_MSGSEND = YES;
				ENABLE_TESTABILITY = YES;
				ENABLE_USER_SCRIPT_SANDBOXING = YES;
				GCC_C_LANGUAGE_STANDARD = gnu17;
				GCC_DYNAMIC_NO_PIC = NO;
				GCC_NO_COMMON_BLOCKS = YES;
				GCC_OPTIMIZATION_LEVEL = 0;
				GCC_PREPROCESSOR_DEFINITIONS = (
					"DEBUG=1",
					"$(inherited)",
				);
				GCC_WARN_64_TO_32_BIT_CONVERSION = YES;
				GCC_WARN_ABOUT_RETURN_TYPE = YES_ERROR;
				GCC_WARN_UNDECLARED_SELECTOR = YES;
				GCC_WARN_UNINITIALIZED_AUTOS = YES_AGGRESSIVE;
				GCC_WARN_UNUSED_FUNCTION = YES;
				GCC_WARN_UNUSED_VARIABLE = YES;
				IPHONEOS_DEPLOYMENT_TARGET = 17.5;
				LOCALIZATION_PREFERS_STRING_CATALOGS = YES;
				MTL_ENABLE_DEBUG_INFO = INCLUDE_SOURCE;
				MTL_FAST_MATH = YES;
				ONLY_ACTIVE_ARCH = YES;
				SDKROOT = iphoneos;
			};
			name = Debug;
		};
		A3B895C62C89A43700E35443 /* Release */ = {
			isa = XCBuildConfiguration;
			buildSettings = {
				ALWAYS_SEARCH_USER_PATHS = NO;
				ASSETCATALOG_COMPILER_GENERATE_SWIFT_ASSET_SYMBOL_EXTENSIONS = YES;
				CLANG_ANALYZER_NONNULL = YES;
				CLANG_ANALYZER_NUMBER_OBJECT_CONVERSION = YES_AGGRESSIVE;
				CLANG_CXX_LANGUAGE_STANDARD = "gnu++20";
				CLANG_ENABLE_MODULES = YES;
				CLANG_ENABLE_OBJC_ARC = YES;
				CLANG_ENABLE_OBJC_WEAK = YES;
				CLANG_WARN_BLOCK_CAPTURE_AUTORELEASING = YES;
				CLANG_WARN_BOOL_CONVERSION = YES;
				CLANG_WARN_COMMA = YES;
				CLANG_WARN_CONSTANT_CONVERSION = YES;
				CLANG_WARN_DEPRECATED_OBJC_IMPLEMENTATIONS = YES;
				CLANG_WARN_DIRECT_OBJC_ISA_USAGE = YES_ERROR;
				CLANG_WARN_DOCUMENTATION_COMMENTS = YES;
				CLANG_WARN_EMPTY_BODY = YES;
				CLANG_WARN_ENUM_CONVERSION = YES;
				CLANG_WARN_INFINITE_RECURSION = YES;
				CLANG_WARN_INT_CONVERSION = YES;
				CLANG_WARN_NON_LITERAL_NULL_CONVERSION = YES;
				CLANG_WARN_OBJC_IMPLICIT_RETAIN_SELF = YES;
				CLANG_WARN_OBJC_LITERAL_CONVERSION = YES;
				CLANG_WARN_OBJC_ROOT_CLASS = YES_ERROR;
				CLANG_WARN_QUOTED_INCLUDE_IN_FRAMEWORK_HEADER = YES;
				CLANG_WARN_RANGE_LOOP_ANALYSIS = YES;
				CLANG_WARN_STRICT_PROTOTYPES = YES;
				CLANG_WARN_SUSPICIOUS_MOVE = YES;
				CLANG_WARN_UNGUARDED_AVAILABILITY = YES_AGGRESSIVE;
				CLANG_WARN_UNREACHABLE_CODE = YES;
				CLANG_WARN__DUPLICATE_METHOD_MATCH = YES;
				COPY_PHASE_STRIP = NO;
				DEBUG_INFORMATION_FORMAT = "dwarf-with-dsym";
				ENABLE_NS_ASSERTIONS = NO;
				ENABLE_STRICT_OBJC_MSGSEND = YES;
				ENABLE_USER_SCRIPT_SANDBOXING = YES;
				GCC_C_LANGUAGE_STANDARD = gnu17;
				GCC_NO_COMMON_BLOCKS = YES;
				GCC_WARN_64_TO_32_BIT_CONVERSION = YES;
				GCC_WARN_ABOUT_RETURN_TYPE = YES_ERROR;
				GCC_WARN_UNDECLARED_SELECTOR = YES;
				GCC_WARN_UNINITIALIZED_AUTOS = YES_AGGRESSIVE;
				GCC_WARN_UNUSED_FUNCTION = YES;
				GCC_WARN_UNUSED_VARIABLE = YES;
				IPHONEOS_DEPLOYMENT_TARGET = 17.5;
				LOCALIZATION_PREFERS_STRING_CATALOGS = YES;
				MTL_ENABLE_DEBUG_INFO = NO;
				MTL_FAST_MATH = YES;
				SDKROOT = iphoneos;
				VALIDATE_PRODUCT = YES;
			};
			name = Release;
		};
		A3B895C82C89A43700E35443 /* Debug */ = {
			isa = XCBuildConfiguration;
			buildSettings = {
				ASSETCATALOG_COMPILER_APPICON_NAME = AppIcon;
				ASSETCATALOG_COMPILER_GLOBAL_ACCENT_COLOR_NAME = AccentColor;
				CODE_SIGN_STYLE = Automatic;
				CURRENT_PROJECT_VERSION = 1;
				GENERATE_INFOPLIST_FILE = YES;
				INFOPLIST_FILE = "分栏控制器/Info.plist";
				INFOPLIST_KEY_UIApplicationSupportsIndirectInputEvents = YES;
				INFOPLIST_KEY_UILaunchStoryboardName = LaunchScreen;
				INFOPLIST_KEY_UIMainStoryboardFile = Main;
				INFOPLIST_KEY_UISupportedInterfaceOrientations_iPad = "UIInterfaceOrientationPortrait UIInterfaceOrientationPortraitUpsideDown UIInterfaceOrientationLandscapeLeft UIInterfaceOrientationLandscapeRight";
				INFOPLIST_KEY_UISupportedInterfaceOrientations_iPhone = "UIInterfaceOrientationPortrait UIInterfaceOrientationLandscapeLeft UIInterfaceOrientationLandscapeRight";
				LD_RUNPATH_SEARCH_PATHS = (
					"$(inherited)",
					"@executable_path/Frameworks",
				);
				MARKETING_VERSION = 1.0;
				PRODUCT_BUNDLE_IDENTIFIER = "yusongmin.-----";
				PRODUCT_NAME = "$(TARGET_NAME)";
				SWIFT_EMIT_LOC_STRINGS = YES;
				TARGETED_DEVICE_FAMILY = "1,2";
			};
			name = Debug;
		};
		A3B895C92C89A43700E35443 /* Release */ = {
			isa = XCBuildConfiguration;
			buildSettings = {
				ASSETCATALOG_COMPILER_APPICON_NAME = AppIcon;
				ASSETCATALOG_COMPILER_GLOBAL_ACCENT_COLOR_NAME = AccentColor;
				CODE_SIGN_STYLE = Automatic;
				CURRENT_PROJECT_VERSION = 1;
				GENERATE_INFOPLIST_FILE = YES;
				INFOPLIST_FILE = "分栏控制器/Info.plist";
				INFOPLIST_KEY_UIApplicationSupportsIndirectInputEvents = YES;
				INFOPLIST_KEY_UILaunchStoryboardName = LaunchScreen;
				INFOPLIST_KEY_UIMainStoryboardFile = Main;
				INFOPLIST_KEY_UISupportedInterfaceOrientations_iPad = "UIInterfaceOrientationPortrait UIInterfaceOrientationPortraitUpsideDown UIInterfaceOrientationLandscapeLeft UIInterfaceOrientationLandscapeRight";
				INFOPLIST_KEY_UISupportedInterfaceOrientations_iPhone = "UIInterfaceOrientationPortrait UIInterfaceOrientationLandscapeLeft UIInterfaceOrientationLandscapeRight";
				LD_RUNPATH_SEARCH_PATHS = (
					"$(inherited)",
					"@executable_path/Frameworks",
				);
				MARKETING_VERSION = 1.0;
				PRODUCT_BUNDLE_IDENTIFIER = "yusongmin.-----";
				PRODUCT_NAME = "$(TARGET_NAME)";
				SWIFT_EMIT_LOC_STRINGS = YES;
				TARGETED_DEVICE_FAMILY = "1,2";
			};
			name = Release;
		};
		A3B895CB2C89A43700E35443 /* Debug */ = {
			isa = XCBuildConfiguration;
			buildSettings = {
				BUNDLE_LOADER = "$(TEST_HOST)";
				CODE_SIGN_STYLE = Automatic;
				CURRENT_PROJECT_VERSION = 1;
				GENERATE_INFOPLIST_FILE = YES;
				IPHONEOS_DEPLOYMENT_TARGET = 17.5;
				MARKETING_VERSION = 1.0;
				PRODUCT_BUNDLE_IDENTIFIER = "yusongmin.-----Tests";
				PRODUCT_NAME = "$(TARGET_NAME)";
				SWIFT_EMIT_LOC_STRINGS = NO;
				TARGETED_DEVICE_FAMILY = "1,2";
				TEST_HOST = "$(BUILT_PRODUCTS_DIR)/分栏控制器.app/$(BUNDLE_EXECUTABLE_FOLDER_PATH)/分栏控制器";
			};
			name = Debug;
		};
		A3B895CC2C89A43700E35443 /* Release */ = {
			isa = XCBuildConfiguration;
			buildSettings = {
				BUNDLE_LOADER = "$(TEST_HOST)";
				CODE_SIGN_STYLE = Automatic;
				CURRENT_PROJECT_VERSION = 1;
				GENERATE_INFOPLIST_FILE = YES;
				IPHONEOS_DEPLOYMENT_TARGET = 17.5;
				MARKETING_VERSION = 1.0;
				PRODUCT_BUNDLE_IDENTIFIER = "yusongmin.-----Tests";
				PRODUCT_NAME = "$(TARGET_NAME)";
				SWIFT_EMIT_LOC_STRINGS = NO;
				TARGETED_DEVICE_FAMILY = "1,2";
				TEST_HOST = "$(BUILT_PRODUCTS_DIR)/分栏控制器.app/$(BUNDLE_EXECUTABLE_FOLDER_PATH)/分栏控制器";
			};
			name = Release;
		};
		A3B895CE2C89A43700E35443 /* Debug */ = {
			isa = XCBuildConfiguration;
			buildSettings = {
				CODE_SIGN_STYLE = Automatic;
				CURRENT_PROJECT_VERSION = 1;
				GENERATE_INFOPLIST_FILE = YES;
				MARKETING_VERSION = 1.0;
				PRODUCT_BUNDLE_IDENTIFIER = "yusongmin.-----UITests";
				PRODUCT_NAME = "$(TARGET_NAME)";
				SWIFT_EMIT_LOC_STRINGS = NO;
				TARGETED_DEVICE_FAMILY = "1,2";
				TEST_TARGET_NAME = "分栏控制器";
			};
			name = Debug;
		};
		A3B895CF2C89A43700E35443 /* Release */ = {
			isa = XCBuildConfiguration;
			buildSettings = {
				CODE_SIGN_STYLE = Automatic;
				CURRENT_PROJECT_VERSION = 1;
				GENERATE_INFOPLIST_FILE = YES;
				MARKETING_VERSION = 1.0;
				PRODUCT_BUNDLE_IDENTIFIER = "yusongmin.-----UITests";
				PRODUCT_NAME = "$(TARGET_NAME)";
				SWIFT_EMIT_LOC_STRINGS = NO;
				TARGETED_DEVICE_FAMILY = "1,2";
				TEST_TARGET_NAME = "分栏控制器";
			};
			name = Release;
		};
/* End XCBuildConfiguration section */

/* Begin XCConfigurationList section */
		A3B895932C89A43500E35443 /* Build configuration list for PBXProject "分栏控制器" */ = {
			isa = XCConfigurationList;
			buildConfigurations = (
				A3B895C52C89A43700E35443 /* Debug */,
				A3B895C62C89A43700E35443 /* Release */,
			);
			defaultConfigurationIsVisible = 0;
			defaultConfigurationName = Release;
		};
		A3B895C72C89A43700E35443 /* Build configuration list for PBXNativeTarget "分栏控制器" */ = {
			isa = XCConfigurationList;
			buildConfigurations = (
				A3B895C82C89A43700E35443 /* Debug */,
				A3B895C92C89A43700E35443 /* Release */,
			);
			defaultConfigurationIsVisible = 0;
			defaultConfigurationName = Release;
		};
		A3B895CA2C89A43700E35443 /* Build configuration list for PBXNativeTarget "分栏控制器Tests" */ = {
			isa = XCConfigurationList;
			buildConfigurations = (
				A3B895CB2C89A43700E35443 /* Debug */,
				A3B895CC2C89A43700E35443 /* Release */,
			);
			defaultConfigurationIsVisible = 0;
			defaultConfigurationName = Release;
		};
		A3B895CD2C89A43700E35443 /* Build configuration list for PBXNativeTarget "分栏控制器UITests" */ = {
			isa = XCConfigurationList;
			buildConfigurations = (
				A3B895CE2C89A43700E35443 /* Debug */,
				A3B895CF2C89A43700E35443 /* Release */,
			);
			defaultConfigurationIsVisible = 0;
			defaultConfigurationName = Release;
		};
/* End XCConfigurationList section */
	};
	rootObject = A3B895902C89A43500E35443 /* Project object */;
}
