// !$*UTF8*$!
{
	archiveVersion = 1;
	classes = {
	};
	objectVersion = 56;
	objects = {

/* Begin PBXBuildFile section */
		A3B896722C8E9D8F00E35443 /* AppDelegate.m in Sources */ = {isa = PBXBuildFile; fileRef = A3B896712C8E9D8F00E35443 /* AppDelegate.m */; };
		A3B896752C8E9D8F00E35443 /* SceneDelegate.m in Sources */ = {isa = PBXBuildFile; fileRef = A3B896742C8E9D8F00E35443 /* SceneDelegate.m */; };
		A3B896782C8E9D8F00E35443 /* ViewController.m in Sources */ = {isa = PBXBuildFile; fileRef = A3B896772C8E9D8F00E35443 /* ViewController.m */; };
		A3B8967B2C8E9D8F00E35443 /* Base in Resources */ = {isa = PBXBuildFile; fileRef = A3B8967A2C8E9D8F00E35443 /* Base */; };
		A3B8967D2C8E9D9000E35443 /* Assets.xcassets in Resources */ = {isa = PBXBuildFile; fileRef = A3B8967C2C8E9D9000E35443 /* Assets.xcassets */; };
		A3B896802C8E9D9000E35443 /* Base in Resources */ = {isa = PBXBuildFile; fileRef = A3B8967F2C8E9D9000E35443 /* Base */; };
		A3B896832C8E9D9000E35443 /* main.m in Sources */ = {isa = PBXBuildFile; fileRef = A3B896822C8E9D9000E35443 /* main.m */; };
		A3B8968D2C8E9D9100E35443 /* UIScrollViewTests.m in Sources */ = {isa = PBXBuildFile; fileRef = A3B8968C2C8E9D9100E35443 /* UIScrollViewTests.m */; };
		A3B896972C8E9D9100E35443 /* UIScrollViewUITests.m in Sources */ = {isa = PBXBuildFile; fileRef = A3B896962C8E9D9100E35443 /* UIScrollViewUITests.m */; };
		A3B896992C8E9D9100E35443 /* UIScrollViewUITestsLaunchTests.m in Sources */ = {isa = PBXBuildFile; fileRef = A3B896982C8E9D9100E35443 /* UIScrollViewUITestsLaunchTests.m */; };
		A3B896A62C8E9DAB00E35443 /* 1.jpg in Resources */ = {isa = PBXBuildFile; fileRef = A3B896A52C8E9DAB00E35443 /* 1.jpg */; };
/* End PBXBuildFile section */

/* Begin PBXContainerItemProxy section */
		A3B896892C8E9D9100E35443 /* PBXContainerItemProxy */ = {
			isa = PBXContainerItemProxy;
			containerPortal = A3B896652C8E9D8F00E35443 /* Project object */;
			proxyType = 1;
			remoteGlobalIDString = A3B8966C2C8E9D8F00E35443;
			remoteInfo = UIScrollView;
		};
		A3B896932C8E9D9100E35443 /* PBXContainerItemProxy */ = {
			isa = PBXContainerItemProxy;
			containerPortal = A3B896652C8E9D8F00E35443 /* Project object */;
			proxyType = 1;
			remoteGlobalIDString = A3B8966C2C8E9D8F00E35443;
			remoteInfo = UIScrollView;
		};
/* End PBXContainerItemProxy section */

/* Begin PBXFileReference section */
		A3B8966D2C8E9D8F00E35443 /* UIScrollView.app */ = {isa = PBXFileReference; explicitFileType = wrapper.application; includeInIndex = 0; path = UIScrollView.app; sourceTree = BUILT_PRODUCTS_DIR; };
		A3B896702C8E9D8F00E35443 /* AppDelegate.h */ = {isa = PBXFileReference; lastKnownFileType = sourcecode.c.h; path = AppDelegate.h; sourceTree = "<group>"; };
		A3B896712C8E9D8F00E35443 /* AppDelegate.m */ = {isa = PBXFileReference; lastKnownFileType = sourcecode.c.objc; path = AppDelegate.m; sourceTree = "<group>"; };
		A3B896732C8E9D8F00E35443 /* SceneDelegate.h */ = {isa = PBXFileReference; lastKnownFileType = sourcecode.c.h; path = SceneDelegate.h; sourceTree = "<group>"; };
		A3B896742C8E9D8F00E35443 /* SceneDelegate.m */ = {isa = PBXFileReference; lastKnownFileType = sourcecode.c.objc; path = SceneDelegate.m; sourceTree = "<group>"; };
		A3B896762C8E9D8F00E35443 /* ViewController.h */ = {isa = PBXFileReference; lastKnownFileType = sourcecode.c.h; path = ViewController.h; sourceTree = "<group>"; };
		A3B896772C8E9D8F00E35443 /* ViewController.m */ = {isa = PBXFileReference; lastKnownFileType = sourcecode.c.objc; path = ViewController.m; sourceTree = "<group>"; };
		A3B8967A2C8E9D8F00E35443 /* Base */ = {isa = PBXFileReference; lastKnownFileType = file.storyboard; name = Base; path = Base.lproj/Main.storyboard; sourceTree = "<group>"; };
		A3B8967C2C8E9D9000E35443 /* Assets.xcassets */ = {isa = PBXFileReference; lastKnownFileType = folder.assetcatalog; path = Assets.xcassets; sourceTree = "<group>"; };
		A3B8967F2C8E9D9000E35443 /* Base */ = {isa = PBXFileReference; lastKnownFileType = file.storyboard; name = Base; path = Base.lproj/LaunchScreen.storyboard; sourceTree = "<group>"; };
		A3B896812C8E9D9000E35443 /* Info.plist */ = {isa = PBXFileReference; lastKnownFileType = text.plist.xml; path = Info.plist; sourceTree = "<group>"; };
		A3B896822C8E9D9000E35443 /* main.m */ = {isa = PBXFileReference; lastKnownFileType = sourcecode.c.objc; path = main.m; sourceTree = "<group>"; };
		A3B896882C8E9D9100E35443 /* UIScrollViewTests.xctest */ = {isa = PBXFileReference; explicitFileType = wrapper.cfbundle; includeInIndex = 0; path = UIScrollViewTests.xctest; sourceTree = BUILT_PRODUCTS_DIR; };
		A3B8968C2C8E9D9100E35443 /* UIScrollViewTests.m */ = {isa = PBXFileReference; lastKnownFileType = sourcecode.c.objc; path = UIScrollViewTests.m; sourceTree = "<group>"; };
		A3B896922C8E9D9100E35443 /* UIScrollViewUITests.xctest */ = {isa = PBXFileReference; explicitFileType = wrapper.cfbundle; includeInIndex = 0; path = UIScrollViewUITests.xctest; sourceTree = BUILT_PRODUCTS_DIR; };
		A3B896962C8E9D9100E35443 /* UIScrollViewUITests.m */ = {isa = PBXFileReference; lastKnownFileType = sourcecode.c.objc; path = UIScrollViewUITests.m; sourceTree = "<group>"; };
		A3B896982C8E9D9100E35443 /* UIScrollViewUITestsLaunchTests.m */ = {isa = PBXFileReference; lastKnownFileType = sourcecode.c.objc; path = UIScrollViewUITestsLaunchTests.m; sourceTree = "<group>"; };
		A3B896A52C8E9DAB00E35443 /* 1.jpg */ = {isa = PBXFileReference; lastKnownFileType = image.jpeg; name = 1.jpg; path = ../../../../../1.jpg; sourceTree = "<group>"; };
/* End PBXFileReference section */

/* Begin PBXFrameworksBuildPhase section */
		A3B8966A2C8E9D8F00E35443 /* Frameworks */ = {
			isa = PBXFrameworksBuildPhase;
			buildActionMask = 2147483647;
			files = (
			);
			runOnlyForDeploymentPostprocessing = 0;
		};
		A3B896852C8E9D9100E35443 /* Frameworks */ = {
			isa = PBXFrameworksBuildPhase;
			buildActionMask = 2147483647;
			files = (
			);
			runOnlyForDeploymentPostprocessing = 0;
		};
		A3B8968F2C8E9D9100E35443 /* Frameworks */ = {
			isa = PBXFrameworksBuildPhase;
			buildActionMask = 2147483647;
			files = (
			);
			runOnlyForDeploymentPostprocessing = 0;
		};
/* End PBXFrameworksBuildPhase section */

/* Begin PBXGroup section */
		A3B896642C8E9D8F00E35443 = {
			isa = PBXGroup;
			children = (
				A3B8966F2C8E9D8F00E35443 /* UIScrollView */,
				A3B8968B2C8E9D9100E35443 /* UIScrollViewTests */,
				A3B896952C8E9D9100E35443 /* UIScrollViewUITests */,
				A3B8966E2C8E9D8F00E35443 /* Products */,
			);
			sourceTree = "<group>";
		};
		A3B8966E2C8E9D8F00E35443 /* Products */ = {
			isa = PBXGroup;
			children = (
				A3B8966D2C8E9D8F00E35443 /* UIScrollView.app */,
				A3B896882C8E9D9100E35443 /* UIScrollViewTests.xctest */,
				A3B896922C8E9D9100E35443 /* UIScrollViewUITests.xctest */,
			);
			name = Products;
			sourceTree = "<group>";
		};
		A3B8966F2C8E9D8F00E35443 /* UIScrollView */ = {
			isa = PBXGroup;
			children = (
				A3B896702C8E9D8F00E35443 /* AppDelegate.h */,
				A3B896712C8E9D8F00E35443 /* AppDelegate.m */,
				A3B896732C8E9D8F00E35443 /* SceneDelegate.h */,
				A3B896742C8E9D8F00E35443 /* SceneDelegate.m */,
				A3B896762C8E9D8F00E35443 /* ViewController.h */,
				A3B896772C8E9D8F00E35443 /* ViewController.m */,
				A3B896792C8E9D8F00E35443 /* Main.storyboard */,
				A3B8967C2C8E9D9000E35443 /* Assets.xcassets */,
				A3B896A52C8E9DAB00E35443 /* 1.jpg */,
				A3B8967E2C8E9D9000E35443 /* LaunchScreen.storyboard */,
				A3B896812C8E9D9000E35443 /* Info.plist */,
				A3B896822C8E9D9000E35443 /* main.m */,
			);
			path = UIScrollView;
			sourceTree = "<group>";
		};
		A3B8968B2C8E9D9100E35443 /* UIScrollViewTests */ = {
			isa = PBXGroup;
			children = (
				A3B8968C2C8E9D9100E35443 /* UIScrollViewTests.m */,
			);
			path = UIScrollViewTests;
			sourceTree = "<group>";
		};
		A3B896952C8E9D9100E35443 /* UIScrollViewUITests */ = {
			isa = PBXGroup;
			children = (
				A3B896962C8E9D9100E35443 /* UIScrollViewUITests.m */,
				A3B896982C8E9D9100E35443 /* UIScrollViewUITestsLaunchTests.m */,
			);
			path = UIScrollViewUITests;
			sourceTree = "<group>";
		};
/* End PBXGroup section */

/* Begin PBXNativeTarget section */
		A3B8966C2C8E9D8F00E35443 /* UIScrollView */ = {
			isa = PBXNativeTarget;
			buildConfigurationList = A3B8969C2C8E9D9100E35443 /* Build configuration list for PBXNativeTarget "UIScrollView" */;
			buildPhases = (
				A3B896692C8E9D8F00E35443 /* Sources */,
				A3B8966A2C8E9D8F00E35443 /* Frameworks */,
				A3B8966B2C8E9D8F00E35443 /* Resources */,
			);
			buildRules = (
			);
			dependencies = (
			);
			name = UIScrollView;
			productName = UIScrollView;
			productReference = A3B8966D2C8E9D8F00E35443 /* UIScrollView.app */;
			productType = "com.apple.product-type.application";
		};
		A3B896872C8E9D9100E35443 /* UIScrollViewTests */ = {
			isa = PBXNativeTarget;
			buildConfigurationList = A3B8969F2C8E9D9100E35443 /* Build configuration list for PBXNativeTarget "UIScrollViewTests" */;
			buildPhases = (
				A3B896842C8E9D9100E35443 /* Sources */,
				A3B896852C8E9D9100E35443 /* Frameworks */,
				A3B896862C8E9D9100E35443 /* Resources */,
			);
			buildRules = (
			);
			dependencies = (
				A3B8968A2C8E9D9100E35443 /* PBXTargetDependency */,
			);
			name = UIScrollViewTests;
			productName = UIScrollViewTests;
			productReference = A3B896882C8E9D9100E35443 /* UIScrollViewTests.xctest */;
			productType = "com.apple.product-type.bundle.unit-test";
		};
		A3B896912C8E9D9100E35443 /* UIScrollViewUITests */ = {
			isa = PBXNativeTarget;
			buildConfigurationList = A3B896A22C8E9D9100E35443 /* Build configuration list for PBXNativeTarget "UIScrollViewUITests" */;
			buildPhases = (
				A3B8968E2C8E9D9100E35443 /* Sources */,
				A3B8968F2C8E9D9100E35443 /* Frameworks */,
				A3B896902C8E9D9100E35443 /* Resources */,
			);
			buildRules = (
			);
			dependencies = (
				A3B896942C8E9D9100E35443 /* PBXTargetDependency */,
			);
			name = UIScrollViewUITests;
			productName = UIScrollViewUITests;
			productReference = A3B896922C8E9D9100E35443 /* UIScrollViewUITests.xctest */;
			productType = "com.apple.product-type.bundle.ui-testing";
		};
/* End PBXNativeTarget section */

/* Begin PBXProject section */
		A3B896652C8E9D8F00E35443 /* Project object */ = {
			isa = PBXProject;
			attributes = {
				BuildIndependentTargetsInParallel = 1;
				LastUpgradeCheck = 1540;
				TargetAttributes = {
					A3B8966C2C8E9D8F00E35443 = {
						CreatedOnToolsVersion = 15.4;
					};
					A3B896872C8E9D9100E35443 = {
						CreatedOnToolsVersion = 15.4;
						TestTargetID = A3B8966C2C8E9D8F00E35443;
					};
					A3B896912C8E9D9100E35443 = {
						CreatedOnToolsVersion = 15.4;
						TestTargetID = A3B8966C2C8E9D8F00E35443;
					};
				};
			};
			buildConfigurationList = A3B896682C8E9D8F00E35443 /* Build configuration list for PBXProject "UIScrollView" */;
			compatibilityVersion = "Xcode 14.0";
			developmentRegion = en;
			hasScannedForEncodings = 0;
			knownRegions = (
				en,
				Base,
			);
			mainGroup = A3B896642C8E9D8F00E35443;
			productRefGroup = A3B8966E2C8E9D8F00E35443 /* Products */;
			projectDirPath = "";
			projectRoot = "";
			targets = (
				A3B8966C2C8E9D8F00E35443 /* UIScrollView */,
				A3B896872C8E9D9100E35443 /* UIScrollViewTests */,
				A3B896912C8E9D9100E35443 /* UIScrollViewUITests */,
			);
		};
/* End PBXProject section */

/* Begin PBXResourcesBuildPhase section */
		A3B8966B2C8E9D8F00E35443 /* Resources */ = {
			isa = PBXResourcesBuildPhase;
			buildActionMask = 2147483647;
			files = (
				A3B8967D2C8E9D9000E35443 /* Assets.xcassets in Resources */,
				A3B896A62C8E9DAB00E35443 /* 1.jpg in Resources */,
				A3B896802C8E9D9000E35443 /* Base in Resources */,
				A3B8967B2C8E9D8F00E35443 /* Base in Resources */,
			);
			runOnlyForDeploymentPostprocessing = 0;
		};
		A3B896862C8E9D9100E35443 /* Resources */ = {
			isa = PBXResourcesBuildPhase;
			buildActionMask = 2147483647;
			files = (
			);
			runOnlyForDeploymentPostprocessing = 0;
		};
		A3B896902C8E9D9100E35443 /* Resources */ = {
			isa = PBXResourcesBuildPhase;
			buildActionMask = 2147483647;
			files = (
			);
			runOnlyForDeploymentPostprocessing = 0;
		};
/* End PBXResourcesBuildPhase section */

/* Begin PBXSourcesBuildPhase section */
		A3B896692C8E9D8F00E35443 /* Sources */ = {
			isa = PBXSourcesBuildPhase;
			buildActionMask = 2147483647;
			files = (
				A3B896782C8E9D8F00E35443 /* ViewController.m in Sources */,
				A3B896722C8E9D8F00E35443 /* AppDelegate.m in Sources */,
				A3B896832C8E9D9000E35443 /* main.m in Sources */,
				A3B896752C8E9D8F00E35443 /* SceneDelegate.m in Sources */,
			);
			runOnlyForDeploymentPostprocessing = 0;
		};
		A3B896842C8E9D9100E35443 /* Sources */ = {
			isa = PBXSourcesBuildPhase;
			buildActionMask = 2147483647;
			files = (
				A3B8968D2C8E9D9100E35443 /* UIScrollViewTests.m in Sources */,
			);
			runOnlyForDeploymentPostprocessing = 0;
		};
		A3B8968E2C8E9D9100E35443 /* Sources */ = {
			isa = PBXSourcesBuildPhase;
			buildActionMask = 2147483647;
			files = (
				A3B896992C8E9D9100E35443 /* UIScrollViewUITestsLaunchTests.m in Sources */,
				A3B896972C8E9D9100E35443 /* UIScrollViewUITests.m in Sources */,
			);
			runOnlyForDeploymentPostprocessing = 0;
		};
/* End PBXSourcesBuildPhase section */

/* Begin PBXTargetDependency section */
		A3B8968A2C8E9D9100E35443 /* PBXTargetDependency */ = {
			isa = PBXTargetDependency;
			target = A3B8966C2C8E9D8F00E35443 /* UIScrollView */;
			targetProxy = A3B896892C8E9D9100E35443 /* PBXContainerItemProxy */;
		};
		A3B896942C8E9D9100E35443 /* PBXTargetDependency */ = {
			isa = PBXTargetDependency;
			target = A3B8966C2C8E9D8F00E35443 /* UIScrollView */;
			targetProxy = A3B896932C8E9D9100E35443 /* PBXContainerItemProxy */;
		};
/* End PBXTargetDependency section */

/* Begin PBXVariantGroup section */
		A3B896792C8E9D8F00E35443 /* Main.storyboard */ = {
			isa = PBXVariantGroup;
			children = (
				A3B8967A2C8E9D8F00E35443 /* Base */,
			);
			name = Main.storyboard;
			sourceTree = "<group>";
		};
		A3B8967E2C8E9D9000E35443 /* LaunchScreen.storyboard */ = {
			isa = PBXVariantGroup;
			children = (
				A3B8967F2C8E9D9000E35443 /* Base */,
			);
			name = LaunchScreen.storyboard;
			sourceTree = "<group>";
		};
/* End PBXVariantGroup section */

/* Begin XCBuildConfiguration section */
		A3B8969A2C8E9D9100E35443 /* Debug */ = {
			isa = XCBuildConfiguration;
			buildSettings = {
				ALWAYS_SEARCH_USER_PATHS = NO;
				ASSETCATALOG_COMPILER_GENERATE_SWIFT_ASSET_SYMBOL_EXTENSIONS = YES;
				CLANG_ANALYZER_NONNULL = YES;
				CLANG_ANALYZER_NUMBER_OBJECT_CONVERSION = YES_AGGRESSIVE;
				CLANG_CXX_LANGUAGE_STANDARD = "gnu++20";
				CLANG_ENABLE_MODULES = YES;
				CLANG_ENABLE_OBJC_ARC = YES;
				CLANG_ENABLE_OBJC_WEAK = YES;
				CLANG_WARN_BLOCK_CAPTURE_AUTORELEASING = YES;
				CLANG_WARN_BOOL_CONVERSION = YES;
				CLANG_WARN_COMMA = YES;
				CLANG_WARN_CONSTANT_CONVERSION = YES;
				CLANG_WARN_DEPRECATED_OBJC_IMPLEMENTATIONS = YES;
				CLANG_WARN_DIRECT_OBJC_ISA_USAGE = YES_ERROR;
				CLANG_WARN_DOCUMENTATION_COMMENTS = YES;
				CLANG_WARN_EMPTY_BODY = YES;
				CLANG_WARN_ENUM_CONVERSION = YES;
				CLANG_WARN_INFINITE_RECURSION = YES;
				CLANG_WARN_INT_CONVERSION = YES;
				CLANG_WARN_NON_LITERAL_NULL_CONVERSION = YES;
				CLANG_WARN_OBJC_IMPLICIT_RETAIN_SELF = YES;
				CLANG_WARN_OBJC_LITERAL_CONVERSION = YES;
				CLANG_WARN_OBJC_ROOT_CLASS = YES_ERROR;
				CLANG_WARN_QUOTED_INCLUDE_IN_FRAMEWORK_HEADER = YES;
				CLANG_WARN_RANGE_LOOP_ANALYSIS = YES;
				CLANG_WARN_STRICT_PROTOTYPES = YES;
				CLANG_WARN_SUSPICIOUS_MOVE = YES;
				CLANG_WARN_UNGUARDED_AVAILABILITY = YES_AGGRESSIVE;
				CLANG_WARN_UNREACHABLE_CODE = YES;
				CLANG_WARN__DUPLICATE_METHOD_MATCH = YES;
				COPY_PHASE_STRIP = NO;
				DEBUG_INFORMATION_FORMAT = dwarf;
				ENABLE_STRICT_OBJC_MSGSEND = YES;
				ENABLE_TESTABILITY = YES;
				ENABLE_USER_SCRIPT_SANDBOXING = YES;
				GCC_C_LANGUAGE_STANDARD = gnu17;
				GCC_DYNAMIC_NO_PIC = NO;
				GCC_NO_COMMON_BLOCKS = YES;
				GCC_OPTIMIZATION_LEVEL = 0;
				GCC_PREPROCESSOR_DEFINITIONS = (
					"DEBUG=1",
					"$(inherited)",
				);
				GCC_WARN_64_TO_32_BIT_CONVERSION = YES;
				GCC_WARN_ABOUT_RETURN_TYPE = YES_ERROR;
				GCC_WARN_UNDECLARED_SELECTOR = YES;
				GCC_WARN_UNINITIALIZED_AUTOS = YES_AGGRESSIVE;
				GCC_WARN_UNUSED_FUNCTION = YES;
				GCC_WARN_UNUSED_VARIABLE = YES;
				IPHONEOS_DEPLOYMENT_TARGET = 17.5;
				LOCALIZATION_PREFERS_STRING_CATALOGS = YES;
				MTL_ENABLE_DEBUG_INFO = INCLUDE_SOURCE;
				MTL_FAST_MATH = YES;
				ONLY_ACTIVE_ARCH = YES;
				SDKROOT = iphoneos;
			};
			name = Debug;
		};
		A3B8969B2C8E9D9100E35443 /* Release */ = {
			isa = XCBuildConfiguration;
			buildSettings = {
				ALWAYS_SEARCH_USER_PATHS = NO;
				ASSETCATALOG_COMPILER_GENERATE_SWIFT_ASSET_SYMBOL_EXTENSIONS = YES;
				CLANG_ANALYZER_NONNULL = YES;
				CLANG_ANALYZER_NUMBER_OBJECT_CONVERSION = YES_AGGRESSIVE;
				CLANG_CXX_LANGUAGE_STANDARD = "gnu++20";
				CLANG_ENABLE_MODULES = YES;
				CLANG_ENABLE_OBJC_ARC = YES;
				CLANG_ENABLE_OBJC_WEAK = YES;
				CLANG_WARN_BLOCK_CAPTURE_AUTORELEASING = YES;
				CLANG_WARN_BOOL_CONVERSION = YES;
				CLANG_WARN_COMMA = YES;
				CLANG_WARN_CONSTANT_CONVERSION = YES;
				CLANG_WARN_DEPRECATED_OBJC_IMPLEMENTATIONS = YES;
				CLANG_WARN_DIRECT_OBJC_ISA_USAGE = YES_ERROR;
				CLANG_WARN_DOCUMENTATION_COMMENTS = YES;
				CLANG_WARN_EMPTY_BODY = YES;
				CLANG_WARN_ENUM_CONVERSION = YES;
				CLANG_WARN_INFINITE_RECURSION = YES;
				CLANG_WARN_INT_CONVERSION = YES;
				CLANG_WARN_NON_LITERAL_NULL_CONVERSION = YES;
				CLANG_WARN_OBJC_IMPLICIT_RETAIN_SELF = YES;
				CLANG_WARN_OBJC_LITERAL_CONVERSION = YES;
				CLANG_WARN_OBJC_ROOT_CLASS = YES_ERROR;
				CLANG_WARN_QUOTED_INCLUDE_IN_FRAMEWORK_HEADER = YES;
				CLANG_WARN_RANGE_LOOP_ANALYSIS = YES;
				CLANG_WARN_STRICT_PROTOTYPES = YES;
				CLANG_WARN_SUSPICIOUS_MOVE = YES;
				CLANG_WARN_UNGUARDED_AVAILABILITY = YES_AGGRESSIVE;
				CLANG_WARN_UNREACHABLE_CODE = YES;
				CLANG_WARN__DUPLICATE_METHOD_MATCH = YES;
				COPY_PHASE_STRIP = NO;
				DEBUG_INFORMATION_FORMAT = "dwarf-with-dsym";
				ENABLE_NS_ASSERTIONS = NO;
				ENABLE_STRICT_OBJC_MSGSEND = YES;
				ENABLE_USER_SCRIPT_SANDBOXING = YES;
				GCC_C_LANGUAGE_STANDARD = gnu17;
				GCC_NO_COMMON_BLOCKS = YES;
				GCC_WARN_64_TO_32_BIT_CONVERSION = YES;
				GCC_WARN_ABOUT_RETURN_TYPE = YES_ERROR;
				GCC_WARN_UNDECLARED_SELECTOR = YES;
				GCC_WARN_UNINITIALIZED_AUTOS = YES_AGGRESSIVE;
				GCC_WARN_UNUSED_FUNCTION = YES;
				GCC_WARN_UNUSED_VARIABLE = YES;
				IPHONEOS_DEPLOYMENT_TARGET = 17.5;
				LOCALIZATION_PREFERS_STRING_CATALOGS = YES;
				MTL_ENABLE_DEBUG_INFO = NO;
				MTL_FAST_MATH = YES;
				SDKROOT = iphoneos;
				VALIDATE_PRODUCT = YES;
			};
			name = Release;
		};
		A3B8969D2C8E9D9100E35443 /* Debug */ = {
			isa = XCBuildConfiguration;
			buildSettings = {
				ASSETCATALOG_COMPILER_APPICON_NAME = AppIcon;
				ASSETCATALOG_COMPILER_GLOBAL_ACCENT_COLOR_NAME = AccentColor;
				CODE_SIGN_STYLE = Automatic;
				CURRENT_PROJECT_VERSION = 1;
				GENERATE_INFOPLIST_FILE = YES;
				INFOPLIST_FILE = UIScrollView/Info.plist;
				INFOPLIST_KEY_UIApplicationSupportsIndirectInputEvents = YES;
				INFOPLIST_KEY_UILaunchStoryboardName = LaunchScreen;
				INFOPLIST_KEY_UIMainStoryboardFile = Main;
				INFOPLIST_KEY_UISupportedInterfaceOrientations_iPad = "UIInterfaceOrientationPortrait UIInterfaceOrientationPortraitUpsideDown UIInterfaceOrientationLandscapeLeft UIInterfaceOrientationLandscapeRight";
				INFOPLIST_KEY_UISupportedInterfaceOrientations_iPhone = "UIInterfaceOrientationPortrait UIInterfaceOrientationLandscapeLeft UIInterfaceOrientationLandscapeRight";
				LD_RUNPATH_SEARCH_PATHS = (
					"$(inherited)",
					"@executable_path/Frameworks",
				);
				MARKETING_VERSION = 1.0;
				PRODUCT_BUNDLE_IDENTIFIER = yusongmin.UIScrollView;
				PRODUCT_NAME = "$(TARGET_NAME)";
				SWIFT_EMIT_LOC_STRINGS = YES;
				TARGETED_DEVICE_FAMILY = "1,2";
			};
			name = Debug;
		};
		A3B8969E2C8E9D9100E35443 /* Release */ = {
			isa = XCBuildConfiguration;
			buildSettings = {
				ASSETCATALOG_COMPILER_APPICON_NAME = AppIcon;
				ASSETCATALOG_COMPILER_GLOBAL_ACCENT_COLOR_NAME = AccentColor;
				CODE_SIGN_STYLE = Automatic;
				CURRENT_PROJECT_VERSION = 1;
				GENERATE_INFOPLIST_FILE = YES;
				INFOPLIST_FILE = UIScrollView/Info.plist;
				INFOPLIST_KEY_UIApplicationSupportsIndirectInputEvents = YES;
				INFOPLIST_KEY_UILaunchStoryboardName = LaunchScreen;
				INFOPLIST_KEY_UIMainStoryboardFile = Main;
				INFOPLIST_KEY_UISupportedInterfaceOrientations_iPad = "UIInterfaceOrientationPortrait UIInterfaceOrientationPortraitUpsideDown UIInterfaceOrientationLandscapeLeft UIInterfaceOrientationLandscapeRight";
				INFOPLIST_KEY_UISupportedInterfaceOrientations_iPhone = "UIInterfaceOrientationPortrait UIInterfaceOrientationLandscapeLeft UIInterfaceOrientationLandscapeRight";
				LD_RUNPATH_SEARCH_PATHS = (
					"$(inherited)",
					"@executable_path/Frameworks",
				);
				MARKETING_VERSION = 1.0;
				PRODUCT_BUNDLE_IDENTIFIER = yusongmin.UIScrollView;
				PRODUCT_NAME = "$(TARGET_NAME)";
				SWIFT_EMIT_LOC_STRINGS = YES;
				TARGETED_DEVICE_FAMILY = "1,2";
			};
			name = Release;
		};
		A3B896A02C8E9D9100E35443 /* Debug */ = {
			isa = XCBuildConfiguration;
			buildSettings = {
				BUNDLE_LOADER = "$(TEST_HOST)";
				CODE_SIGN_STYLE = Automatic;
				CURRENT_PROJECT_VERSION = 1;
				GENERATE_INFOPLIST_FILE = YES;
				IPHONEOS_DEPLOYMENT_TARGET = 17.5;
				MARKETING_VERSION = 1.0;
				PRODUCT_BUNDLE_IDENTIFIER = yusongmin.UIScrollViewTests;
				PRODUCT_NAME = "$(TARGET_NAME)";
				SWIFT_EMIT_LOC_STRINGS = NO;
				TARGETED_DEVICE_FAMILY = "1,2";
				TEST_HOST = "$(BUILT_PRODUCTS_DIR)/UIScrollView.app/$(BUNDLE_EXECUTABLE_FOLDER_PATH)/UIScrollView";
			};
			name = Debug;
		};
		A3B896A12C8E9D9100E35443 /* Release */ = {
			isa = XCBuildConfiguration;
			buildSettings = {
				BUNDLE_LOADER = "$(TEST_HOST)";
				CODE_SIGN_STYLE = Automatic;
				CURRENT_PROJECT_VERSION = 1;
				GENERATE_INFOPLIST_FILE = YES;
				IPHONEOS_DEPLOYMENT_TARGET = 17.5;
				MARKETING_VERSION = 1.0;
				PRODUCT_BUNDLE_IDENTIFIER = yusongmin.UIScrollViewTests;
				PRODUCT_NAME = "$(TARGET_NAME)";
				SWIFT_EMIT_LOC_STRINGS = NO;
				TARGETED_DEVICE_FAMILY = "1,2";
				TEST_HOST = "$(BUILT_PRODUCTS_DIR)/UIScrollView.app/$(BUNDLE_EXECUTABLE_FOLDER_PATH)/UIScrollView";
			};
			name = Release;
		};
		A3B896A32C8E9D9100E35443 /* Debug */ = {
			isa = XCBuildConfiguration;
			buildSettings = {
				CODE_SIGN_STYLE = Automatic;
				CURRENT_PROJECT_VERSION = 1;
				GENERATE_INFOPLIST_FILE = YES;
				MARKETING_VERSION = 1.0;
				PRODUCT_BUNDLE_IDENTIFIER = yusongmin.UIScrollViewUITests;
				PRODUCT_NAME = "$(TARGET_NAME)";
				SWIFT_EMIT_LOC_STRINGS = NO;
				TARGETED_DEVICE_FAMILY = "1,2";
				TEST_TARGET_NAME = UIScrollView;
			};
			name = Debug;
		};
		A3B896A42C8E9D9100E35443 /* Release */ = {
			isa = XCBuildConfiguration;
			buildSettings = {
				CODE_SIGN_STYLE = Automatic;
				CURRENT_PROJECT_VERSION = 1;
				GENERATE_INFOPLIST_FILE = YES;
				MARKETING_VERSION = 1.0;
				PRODUCT_BUNDLE_IDENTIFIER = yusongmin.UIScrollViewUITests;
				PRODUCT_NAME = "$(TARGET_NAME)";
				SWIFT_EMIT_LOC_STRINGS = NO;
				TARGETED_DEVICE_FAMILY = "1,2";
				TEST_TARGET_NAME = UIScrollView;
			};
			name = Release;
		};
/* End XCBuildConfiguration section */

/* Begin XCConfigurationList section */
		A3B896682C8E9D8F00E35443 /* Build configuration list for PBXProject "UIScrollView" */ = {
			isa = XCConfigurationList;
			buildConfigurations = (
				A3B8969A2C8E9D9100E35443 /* Debug */,
				A3B8969B2C8E9D9100E35443 /* Release */,
			);
			defaultConfigurationIsVisible = 0;
			defaultConfigurationName = Release;
		};
		A3B8969C2C8E9D9100E35443 /* Build configuration list for PBXNativeTarget "UIScrollView" */ = {
			isa = XCConfigurationList;
			buildConfigurations = (
				A3B8969D2C8E9D9100E35443 /* Debug */,
				A3B8969E2C8E9D9100E35443 /* Release */,
			);
			defaultConfigurationIsVisible = 0;
			defaultConfigurationName = Release;
		};
		A3B8969F2C8E9D9100E35443 /* Build configuration list for PBXNativeTarget "UIScrollViewTests" */ = {
			isa = XCConfigurationList;
			buildConfigurations = (
				A3B896A02C8E9D9100E35443 /* Debug */,
				A3B896A12C8E9D9100E35443 /* Release */,
			);
			defaultConfigurationIsVisible = 0;
			defaultConfigurationName = Release;
		};
		A3B896A22C8E9D9100E35443 /* Build configuration list for PBXNativeTarget "UIScrollViewUITests" */ = {
			isa = XCConfigurationList;
			buildConfigurations = (
				A3B896A32C8E9D9100E35443 /* Debug */,
				A3B896A42C8E9D9100E35443 /* Release */,
			);
			defaultConfigurationIsVisible = 0;
			defaultConfigurationName = Release;
		};
/* End XCConfigurationList section */
	};
	rootObject = A3B896652C8E9D8F00E35443 /* Project object */;
}
